
Microsoft Visual Studio Solution File, Format Version 12.00
# Visual Studio Version 17
VisualStudioVersion = 17.11.35222.181
MinimumVisualStudioVersion = 10.0.40219.1
Project("{9A19103F-16F7-4668-BE54-9A1E7A4F7556}") = "CS_NOV_21_A", "CS_NOV_21_A\CS_NOV_21_A.csproj", "{CB57922A-69AE-4D51-8CF8-525FEDD0DCBF}"
EndProject
Project("{9A19103F-16F7-4668-BE54-9A1E7A4F7556}") = "CS_NOV_21_B", "CS_NOV_21_B\CS_NOV_21_B.csproj", "{2C291C65-2ED0-4DE7-A44B-CF7C8A3BF0DD}"
EndProject
Project("{9A19103F-16F7-4668-BE54-9A1E7A4F7556}") = "CS_NOV_21_C", "CS_NOV_21_C\CS_NOV_21_C.csproj", "{89CC52F8-D994-435A-A8E4-9D4D59A9786E}"
EndProject
Project("{9A19103F-16F7-4668-BE54-9A1E7A4F7556}") = "CS_NOV_21_D", "CS_NOV_21_D\CS_NOV_21_D.csproj", "{654A15E6-95A3-4DE1-83CA-2C9F0D2F43CB}"
EndProject
Project("{9A19103F-16F7-4668-BE54-9A1E7A4F7556}") = "CS_SCHOOL_24_B", "CS_SCHOOL_24_A\CS_SCHOOL_24_B.csproj", "{9B759A85-5DFC-42E9-AAE4-A5C1ED7A53E0}"
EndProject
Project("{9A19103F-16F7-4668-BE54-9A1E7A4F7556}") = "CD_1", "CD_1\CD_1.csproj", "{01D73D8C-6E97-4EC9-8E9A-5DAC842C5918}"
EndProject
Project("{9A19103F-16F7-4668-BE54-9A1E7A4F7556}") = "CF_2", "CF_2\CF_2.csproj", "{903A2DA2-9565-41E7-8806-EDA4DAD33C83}"
EndProject
Project("{9A19103F-16F7-4668-BE54-9A1E7A4F7556}") = "CF_3", "CF_3\CF_3.csproj", "{8870D56E-7B7B-40EF-AC39-E90E2FE43B04}"
EndProject
Project("{FAE04EC0-301F-11D3-BF4B-00C04F79EFBC}") = "CF_4", "CF_4\CF_4.csproj", "{BDDA195F-DBB4-4578-ADC3-27B75C02CB8A}"
EndProject
Project("{FAE04EC0-301F-11D3-BF4B-00C04F79EFBC}") = "CF_5", "CF_5\CF_5.csproj", "{EC1D3E27-256D-46D2-8F2C-884E4E2272D2}"
EndProject
Project("{FAE04EC0-301F-11D3-BF4B-00C04F79EFBC}") = "ITMO_1", "ITMO_1\ITMO_1.csproj", "{2045E0AC-57AD-429D-98B1-1EAABAE2AF8D}"
EndProject
Project("{FAE04EC0-301F-11D3-BF4B-00C04F79EFBC}") = "ITMo_2", "ITMo_2\ITMo_2.csproj", "{6640CC98-7C5A-4401-AD34-4B1BBA1445F5}"
EndProject
Project("{FAE04EC0-301F-11D3-BF4B-00C04F79EFBC}") = "ITMO_3", "ITMO_3\ITMO_3.csproj", "{2C2EBF16-BA63-457A-A3B1-EFCA2E7C6FC7}"
EndProject
Project("{FAE04EC0-301F-11D3-BF4B-00C04F79EFBC}") = "ITMO_4", "ITMO_4\ITMO_4.csproj", "{AF5AD5E9-0E7A-4545-A793-1D3B4BE08437}"
EndProject
Project("{FAE04EC0-301F-11D3-BF4B-00C04F79EFBC}") = "ITMO_5", "ITMO_5\ITMO_5.csproj", "{644FECCB-DECA-4717-A54B-B140E5407B8B}"
EndProject
Project("{FAE04EC0-301F-11D3-BF4B-00C04F79EFBC}") = "ITMO_6", "ITMO_6\ITMO_6.csproj", "{0C09DBAA-B781-4FC4-82EF-21683BCD68FB}"
EndProject
Project("{FAE04EC0-301F-11D3-BF4B-00C04F79EFBC}") = "ITMO_7", "ITMO_7\ITMO_7.csproj", "{94883D31-2C71-4085-B2FC-34AC7EDAFA40}"
EndProject
Project("{FAE04EC0-301F-11D3-BF4B-00C04F79EFBC}") = "ITMO_9", "ITMO_9\ITMO_9.csproj", "{2F350B85-8B5B-48DA-B2F5-319D3FE4F3FF}"
EndProject
Project("{FAE04EC0-301F-11D3-BF4B-00C04F79EFBC}") = "ITMO_8", "ITMO_8\ITMO_8.csproj", "{44DF65AE-5235-448C-9187-791FA1ADC132}"
EndProject
Project("{FAE04EC0-301F-11D3-BF4B-00C04F79EFBC}") = "ITMO_10", "ITMO_10\ITMO_10.csproj", "{8E1287B2-1155-482B-A361-B6DA4BE642A3}"
EndProject
Project("{FAE04EC0-301F-11D3-BF4B-00C04F79EFBC}") = "ITMO_11", "ITMO_11\ITMO_11.csproj", "{194529EC-70CA-44D2-A769-F2F9006A6AE1}"
EndProject
Project("{FAE04EC0-301F-11D3-BF4B-00C04F79EFBC}") = "ITMO_12", "ITMO_12\ITMO_12.csproj", "{3A6D38BA-17D6-491B-B76B-595855D6D51E}"
EndProject
Project("{FAE04EC0-301F-11D3-BF4B-00C04F79EFBC}") = "ITMO_13", "ITMO_13\ITMO_13.csproj", "{F65AAABA-EBA0-45E6-8A48-59D44DC05EDD}"
EndProject
Project("{FAE04EC0-301F-11D3-BF4B-00C04F79EFBC}") = "ITMO_14", "ITMO_14\ITMO_14.csproj", "{9E958683-6C37-43C1-8499-84F84BC3B65A}"
EndProject
Project("{FAE04EC0-301F-11D3-BF4B-00C04F79EFBC}") = "ITMO_15", "ITMO_15\ITMO_15.csproj", "{1D7F3341-1E21-42F8-92F9-D7FA6AAE421F}"
EndProject
Project("{FAE04EC0-301F-11D3-BF4B-00C04F79EFBC}") = "ITMO_16", "ITMO_16\ITMO_16.csproj", "{7184A2D7-C411-4EEC-884D-281097D6175B}"
EndProject
Project("{FAE04EC0-301F-11D3-BF4B-00C04F79EFBC}") = "CS_DEC_24_A", "CS_DEC_24_A\CS_DEC_24_A.csproj", "{54B1B123-F3AC-4B21-9B44-AA0AA0BBB3CC}"
EndProject
Project("{FAE04EC0-301F-11D3-BF4B-00C04F79EFBC}") = "CS_DEC_24_B", "CS_DEC_24_B\CS_DEC_24_B.csproj", "{F46C707A-DED1-4E8E-98DF-F3A025C8C6B1}"
EndProject
Project("{FAE04EC0-301F-11D3-BF4B-00C04F79EFBC}") = "CS_DEC_24_C", "CS_DEC_24_C\CS_DEC_24_C.csproj", "{2C366CC4-215D-4491-BA4F-8AA1B8E97CB6}"
EndProject
Project("{FAE04EC0-301F-11D3-BF4B-00C04F79EFBC}") = "CS_DEC_24_D", "CS_DEC_24_D\CS_DEC_24_D.csproj", "{6C1A26F4-944A-49B9-91A6-28DFCB88AB03}"
EndProject
Project("{FAE04EC0-301F-11D3-BF4B-00C04F79EFBC}") = "Kontur_W_2024_A", "Kontur_W_2024_A\Kontur_W_2024_A.csproj", "{ECE257B5-525A-46A5-9D18-EFE478EB82EA}"
EndProject
Project("{FAE04EC0-301F-11D3-BF4B-00C04F79EFBC}") = "Kontur_W_2024_B", "Kontur_W_2024_B\Kontur_W_2024_B.csproj", "{E5163167-CE3C-4574-9C00-902C3C52F877}"
EndProject
Project("{FAE04EC0-301F-11D3-BF4B-00C04F79EFBC}") = "Kontur_W_2024_C", "Kontur_W_2024_C\Kontur_W_2024_C.csproj", "{60124BE6-8C9D-442F-AE7C-4CE534D515F5}"
EndProject
Project("{FAE04EC0-301F-11D3-BF4B-00C04F79EFBC}") = "Kontur_W_2024_D", "Kontur_W_2024_D\Kontur_W_2024_D.csproj", "{9CEFB733-1CA6-43F7-95B7-2B3C0BEF9B6A}"
EndProject
Project("{FAE04EC0-301F-11D3-BF4B-00C04F79EFBC}") = "Kontur_W_2024_E", "Kontur_W_2024_E\Kontur_W_2024_E.csproj", "{4FA13451-3F21-4ECC-9658-3D9FA553B081}"
EndProject
Project("{FAE04EC0-301F-11D3-BF4B-00C04F79EFBC}") = "ITMO_17", "ITMO_17\ITMO_17.csproj", "{A4DD0F1D-DCD8-4D1E-8051-1233A263144B}"
EndProject
Project("{FAE04EC0-301F-11D3-BF4B-00C04F79EFBC}") = "ITMO_18", "ITMO_18\ITMO_18.csproj", "{D8E64B21-2E45-44DC-AA11-CFB4F7E6A26B}"
EndProject
Project("{FAE04EC0-301F-11D3-BF4B-00C04F79EFBC}") = "ITMO_19", "ITMO_19\ITMO_19.csproj", "{58ADD6B3-D317-446D-A7DD-186489C7400C}"
EndProject
Project("{FAE04EC0-301F-11D3-BF4B-00C04F79EFBC}") = "ITMO_20", "ITMO_20\ITMO_20.csproj", "{A604DE83-B028-4377-922F-0FEF0D9B8456}"
EndProject
Project("{FAE04EC0-301F-11D3-BF4B-00C04F79EFBC}") = "ITMO_21", "ITMO_21\ITMO_21.csproj", "{44FDE699-DCCB-48B1-AD9E-6933E3A47F1B}"
EndProject
Project("{FAE04EC0-301F-11D3-BF4B-00C04F79EFBC}") = "ITMO_22", "ITMO_22\ITMO_22.csproj", "{F55C88E8-782A-4E1D-BBE2-159AC27A6AB4}"
EndProject
Project("{FAE04EC0-301F-11D3-BF4B-00C04F79EFBC}") = "ITMO_24", "ITMO_24\ITMO_24.csproj", "{524C31F1-EA89-4832-BE38-10C56D8D1CAC}"
EndProject
Project("{FAE04EC0-301F-11D3-BF4B-00C04F79EFBC}") = "ITMO_23", "ITMO_23\ITMO_23.csproj", "{0D841A66-1D81-4D5F-A30B-8D3BE4C00633}"
EndProject
Project("{FAE04EC0-301F-11D3-BF4B-00C04F79EFBC}") = "ITMO_25", "ITMO_25\ITMO_25.csproj", "{1C79563D-16B3-4B8D-8360-6D743643DF5D}"
EndProject
Project("{FAE04EC0-301F-11D3-BF4B-00C04F79EFBC}") = "ITMO_26", "ITMO_26\ITMO_26.csproj", "{091C0A6F-0C57-4D50-A4CE-5A7D96713FA9}"
EndProject
Project("{FAE04EC0-301F-11D3-BF4B-00C04F79EFBC}") = "ITMO_27", "ITMO_27\ITMO_27.csproj", "{6E99CE4A-6A68-4555-8ABA-408ACD82CD51}"
EndProject
Project("{FAE04EC0-301F-11D3-BF4B-00C04F79EFBC}") = "ITMO_28", "ITMO_28\ITMO_28.csproj", "{8B9D7C4D-D6C4-4DC4-BB28-EA99278DF076}"
EndProject
Project("{FAE04EC0-301F-11D3-BF4B-00C04F79EFBC}") = "ITMO_30", "ITMO_30\ITMO_30.csproj", "{D34AD0F7-F508-46D5-8541-1EB04E191D4B}"
EndProject
Project("{FAE04EC0-301F-11D3-BF4B-00C04F79EFBC}") = "ITMO_29", "ITMO_29\ITMO_29.csproj", "{83E49F6A-25C6-447A-8D39-32C8DD62913D}"
EndProject
Project("{FAE04EC0-301F-11D3-BF4B-00C04F79EFBC}") = "ITMO_31", "ITMO_31\ITMO_31.csproj", "{2A2FC539-FBE9-4B05-A813-E1F79EA2239F}"
EndProject
Project("{FAE04EC0-301F-11D3-BF4B-00C04F79EFBC}") = "ITMO_32", "ITMO_32\ITMO_32.csproj", "{FC0595A1-F54C-4591-AF34-A5CB76278CE6}"
EndProject
Project("{FAE04EC0-301F-11D3-BF4B-00C04F79EFBC}") = "ITMO_33", "ITMO_33\ITMO_33.csproj", "{A3131887-0C3A-45D3-9484-038007F2D0EA}"
EndProject
Project("{FAE04EC0-301F-11D3-BF4B-00C04F79EFBC}") = "ITMO_34", "ITMO_34\ITMO_34.csproj", "{D3F2C4F6-26D7-4389-BD61-CE0B91E1C5AC}"
EndProject
Project("{FAE04EC0-301F-11D3-BF4B-00C04F79EFBC}") = "ITMO_34.6", "ITMO_34.6\ITMO_34.6.csproj", "{F5CDF18B-1BA3-441D-BE1C-BC6DF97C1E57}"
EndProject
Project("{FAE04EC0-301F-11D3-BF4B-00C04F79EFBC}") = "ITMO_35", "ITMO_35\ITMO_35.csproj", "{017FCC0F-2AC9-4D58-BF83-A7938D4BF28F}"
EndProject
Project("{FAE04EC0-301F-11D3-BF4B-00C04F79EFBC}") = "ITMO_36", "ITMO_36\ITMO_36.csproj", "{2924467D-C476-4161-B6CC-A6DCA1A8B64B}"
EndProject
Project("{FAE04EC0-301F-11D3-BF4B-00C04F79EFBC}") = "ITMO_37", "ITMO_37\ITMO_37.csproj", "{79F98DB6-E484-4690-932F-455C093B8E20}"
EndProject
Project("{FAE04EC0-301F-11D3-BF4B-00C04F79EFBC}") = "ITMO_38", "ITMO_38\ITMO_38.csproj", "{30C3EEA8-E4EE-41CF-8C69-DCC8B0B193AB}"
EndProject
Project("{FAE04EC0-301F-11D3-BF4B-00C04F79EFBC}") = "ITMO_39", "ITMO_39\ITMO_39.csproj", "{49B7B124-FDC2-4F05-848C-CFDCCA2A4C98}"
EndProject
Project("{FAE04EC0-301F-11D3-BF4B-00C04F79EFBC}") = "ITMO_40", "ITMO_40\ITMO_40.csproj", "{1F2204D6-BAFA-48EC-BB3D-557840F7E258}"
EndProject
Project("{FAE04EC0-301F-11D3-BF4B-00C04F79EFBC}") = "ITMO_41", "ITMO_41\ITMO_41.csproj", "{967D9726-22F8-4396-9B99-A6047C5A0133}"
EndProject
Project("{FAE04EC0-301F-11D3-BF4B-00C04F79EFBC}") = "ITMO_42", "ITMO_42\ITMO_42.csproj", "{80166B0A-F0D3-42FD-B81F-57954968569B}"
EndProject
Project("{FAE04EC0-301F-11D3-BF4B-00C04F79EFBC}") = "ITMO_43", "ITMO_43\ITMO_43.csproj", "{F0F9287F-2423-4215-B464-35D7D419612E}"
EndProject
Project("{FAE04EC0-301F-11D3-BF4B-00C04F79EFBC}") = "ITMO_44", "ITMO_44\ITMO_44.csproj", "{1573C25C-88C2-4623-B4E4-119DDBEE88A7}"
EndProject
Project("{FAE04EC0-301F-11D3-BF4B-00C04F79EFBC}") = "ITMO_45", "ITMO_45\ITMO_45.csproj", "{00AE5448-ABAE-4E85-86F2-3DD86CA3F2ED}"
EndProject
Project("{FAE04EC0-301F-11D3-BF4B-00C04F79EFBC}") = "ITMO_46", "ITMO_46\ITMO_46.csproj", "{4355DB23-B746-4BAF-AD55-12F9AD339EED}"
EndProject
Project("{FAE04EC0-301F-11D3-BF4B-00C04F79EFBC}") = "ITMO_47", "ITMO_47\ITMO_47.csproj", "{215ADDBE-F9E4-4F22-BDC4-9F596EDEFD23}"
EndProject
Project("{FAE04EC0-301F-11D3-BF4B-00C04F79EFBC}") = "ITMO_48", "ITMO_48\ITMO_48.csproj", "{91070613-F26B-42C8-B549-46A6C3A91F02}"
EndProject
Project("{FAE04EC0-301F-11D3-BF4B-00C04F79EFBC}") = "ITMO_49", "ITMO_49\ITMO_49.csproj", "{FA1F4BCD-BA61-4ADD-8A6E-CA5865471EBF}"
EndProject
Project("{FAE04EC0-301F-11D3-BF4B-00C04F79EFBC}") = "ITMO_50", "ITMO_50\ITMO_50.csproj", "{6AB97D60-2627-4293-9A41-DEACAECE7716}"
EndProject
Project("{FAE04EC0-301F-11D3-BF4B-00C04F79EFBC}") = "ITMO_51", "ITMO_51\ITMO_51.csproj", "{E30FF3D9-9C0E-40C9-B524-F3335C2B921D}"
EndProject
Project("{FAE04EC0-301F-11D3-BF4B-00C04F79EFBC}") = "ITMO_52", "ITMO_52\ITMO_52.csproj", "{CB157C5B-156C-428E-9CFE-C6D1DD0F34EA}"
EndProject
Project("{FAE04EC0-301F-11D3-BF4B-00C04F79EFBC}") = "ITMO_53", "ITMO_53\ITMO_53.csproj", "{E96F8BE9-D006-4F99-914F-5489D9518E3A}"
EndProject
Project("{FAE04EC0-301F-11D3-BF4B-00C04F79EFBC}") = "ITMO_54", "ITMO_54\ITMO_54.csproj", "{FAEAB02D-9295-4F71-AD50-171789804A42}"
EndProject
Project("{FAE04EC0-301F-11D3-BF4B-00C04F79EFBC}") = "ITMO_55", "ITMO_55\ITMO_55.csproj", "{16992F07-5E50-4718-B932-59582E51C5D0}"
EndProject
Project("{FAE04EC0-301F-11D3-BF4B-00C04F79EFBC}") = "T_1_2025", "T_1_2025\T_1_2025.csproj", "{998B5F43-85E4-4C59-B20C-E2569B04D7E5}"
EndProject
Project("{FAE04EC0-301F-11D3-BF4B-00C04F79EFBC}") = "T_2_2025", "T_2_2025\T_2_2025.csproj", "{88ADEEC6-B3EA-479A-940A-155101FF3A04}"
EndProject
Project("{FAE04EC0-301F-11D3-BF4B-00C04F79EFBC}") = "T_3_2025", "T_3_2025\T_3_2025.csproj", "{7877965C-E8F3-4ED8-92ED-5998D833C8C2}"
EndProject
Project("{FAE04EC0-301F-11D3-BF4B-00C04F79EFBC}") = "T_4_2025", "T_4_2025\T_4_2025.csproj", "{93BEF77B-8E47-4DBE-AAE3-52522FC9AAB3}"
EndProject
Project("{FAE04EC0-301F-11D3-BF4B-00C04F79EFBC}") = "T_6_2025", "T_6_2025\T_6_2025.csproj", "{167752E4-CCDB-4A45-AC3A-B6CD0A4BDCD7}"
EndProject
Project("{FAE04EC0-301F-11D3-BF4B-00C04F79EFBC}") = "T_7_2025", "T_7_2025\T_7_2025.csproj", "{355645E4-F134-4E99-A62C-E084F4460704}"
EndProject
Project("{FAE04EC0-301F-11D3-BF4B-00C04F79EFBC}") = "T_5_2025", "T_5_2025\T_5_2025.csproj", "{B3BBD6D0-F630-4295-ACD6-6C12714310DB}"
EndProject
Project("{FAE04EC0-301F-11D3-BF4B-00C04F79EFBC}") = "JB_1_1", "JB_1_1\JB_1_1.csproj", "{FC8DF1EE-065E-4DA7-A575-D17275147D6E}"
EndProject
Project("{FAE04EC0-301F-11D3-BF4B-00C04F79EFBC}") = "JB_1_F", "JB_1_F\JB_1_F.csproj", "{2D68CF28-3EDD-4DA6-B83A-8608C7E083D9}"
EndProject
Project("{FAE04EC0-301F-11D3-BF4B-00C04F79EFBC}") = "ITMO_56", "ITMO_56\ITMO_56.csproj", "{F1DF3E3F-29E0-4558-A6F2-17A8A0FDC4D8}"
EndProject
Project("{FAE04EC0-301F-11D3-BF4B-00C04F79EFBC}") = "ITMO_57", "ITMO_57\ITMO_57.csproj", "{6E315FB7-C717-43E0-88E7-CBC6BDCD2E62}"
EndProject
Project("{FAE04EC0-301F-11D3-BF4B-00C04F79EFBC}") = "ITMO_58", "ITMO_58\ITMO_58.csproj", "{81639283-3894-4310-9059-9F41DECA9996}"
EndProject
Project("{FAE04EC0-301F-11D3-BF4B-00C04F79EFBC}") = "ITMO_59", "ITMO_59\ITMO_59.csproj", "{1794B973-B5CA-457E-AAB2-3205CDB24654}"
EndProject
Project("{FAE04EC0-301F-11D3-BF4B-00C04F79EFBC}") = "ITMO_60", "ITMO_60\ITMO_60.csproj", "{9261F1B5-C13F-4CA5-9214-0A02E5B57BA8}"
EndProject
Project("{FAE04EC0-301F-11D3-BF4B-00C04F79EFBC}") = "ITMO_61", "ITMO_61\ITMO_61.csproj", "{D60CFD3A-A1ED-491F-8DFF-0515BF152C7D}"
EndProject
Project("{FAE04EC0-301F-11D3-BF4B-00C04F79EFBC}") = "ITMO_62", "ITMO_62\ITMO_62.csproj", "{3D5963D3-C9AE-4502-8628-A38483A7B1EC}"
EndProject
Project("{FAE04EC0-301F-11D3-BF4B-00C04F79EFBC}") = "YA_1", "YA_1\YA_1.csproj", "{A7C549D5-827B-46CD-80B5-DAFFBF22631B}"
EndProject
Project("{FAE04EC0-301F-11D3-BF4B-00C04F79EFBC}") = "ITMO_63", "ITMO_63\ITMO_63.csproj", "{237ABA96-2ECF-42F6-B6E8-C89A0ADED13C}"
EndProject
Project("{FAE04EC0-301F-11D3-BF4B-00C04F79EFBC}") = "ITMO_64", "ITMO_64\ITMO_64.csproj", "{CEB9918E-61EF-47E1-8E70-1AB16DC46F67}"
EndProject
Project("{FAE04EC0-301F-11D3-BF4B-00C04F79EFBC}") = "ITMO_65", "ITMO_65\ITMO_65.csproj", "{EDC9F2C0-3D19-41A9-A809-E24ECEDE6F46}"
EndProject
Project("{FAE04EC0-301F-11D3-BF4B-00C04F79EFBC}") = "ITMO_66", "ITMO_66\ITMO_66.csproj", "{2A84A754-35D4-4026-97DE-124444DFE74D}"
EndProject
Project("{FAE04EC0-301F-11D3-BF4B-00C04F79EFBC}") = "ITMO_67", "ITMO_67\ITMO_67.csproj", "{DA8D8B68-9EFE-4212-92F5-6C52813E9704}"
EndProject
Project("{FAE04EC0-301F-11D3-BF4B-00C04F79EFBC}") = "ITMO_68", "ITMO_68\ITMO_68.csproj", "{FCDCA323-8A86-404E-BF5F-83E724E6BD9F}"
EndProject
Project("{FAE04EC0-301F-11D3-BF4B-00C04F79EFBC}") = "ITMO_69", "ITMO_69\ITMO_69.csproj", "{940298BA-43D4-4300-92D5-DB0D2264ADAF}"
EndProject
Project("{FAE04EC0-301F-11D3-BF4B-00C04F79EFBC}") = "ITMO_70", "ITMO_70\ITMO_70.csproj", "{BB44A1B9-6ACE-443E-AC7D-C215D26A33DE}"
EndProject
Project("{FAE04EC0-301F-11D3-BF4B-00C04F79EFBC}") = "ITMO_71", "ITMO_71\ITMO_71.csproj", "{1977E2EE-B19C-41B8-8DF4-CB74E7D5711F}"
EndProject
Project("{FAE04EC0-301F-11D3-BF4B-00C04F79EFBC}") = "ITMO_72", "ITMO_72\ITMO_72.csproj", "{9A4E0471-28A7-4782-B5E2-2E41AAD55664}"
EndProject
Project("{FAE04EC0-301F-11D3-BF4B-00C04F79EFBC}") = "ITMO_73", "ITMO_73\ITMO_73.csproj", "{68083889-6A2F-458E-B90C-2006E4A275EE}"
EndProject
Project("{FAE04EC0-301F-11D3-BF4B-00C04F79EFBC}") = "ITMO_74", "ITMO_74\ITMO_74.csproj", "{8D2904E9-1C19-43AD-B19A-49298DBE1C48}"
EndProject
Project("{FAE04EC0-301F-11D3-BF4B-00C04F79EFBC}") = "ITMO_75", "ITMO_75\ITMO_75.csproj", "{6A684BD0-EF2F-4E34-AD46-AF82CD056490}"
EndProject
Project("{FAE04EC0-301F-11D3-BF4B-00C04F79EFBC}") = "ITMO_76", "ITMO_76\ITMO_76.csproj", "{18080F6A-6431-44B0-850A-2129BB089422}"
EndProject
Project("{FAE04EC0-301F-11D3-BF4B-00C04F79EFBC}") = "ITMO_77", "ITMO_77\ITMO_77.csproj", "{A2DDE273-CBA8-4AE3-B69B-46E7433D4FEF}"
EndProject
Project("{FAE04EC0-301F-11D3-BF4B-00C04F79EFBC}") = "ITMO_78", "ITMO_78\ITMO_78.csproj", "{67F8F856-096E-40F5-9AC3-DE58C033C3EE}"
EndProject
Project("{FAE04EC0-301F-11D3-BF4B-00C04F79EFBC}") = "1006_A", "1006_A\1006_A.csproj", "{C10D6C18-4485-4396-AB66-E93F253888A1}"
EndProject
Project("{FAE04EC0-301F-11D3-BF4B-00C04F79EFBC}") = "1006_E", "1006_E\1006_E.csproj", "{8FD9DAEF-EC87-4CA5-8D94-0392A4E38540}"
EndProject
Project("{FAE04EC0-301F-11D3-BF4B-00C04F79EFBC}") = "1006_В", "1006_В\1006_В.csproj", "{2B6195CF-7592-4F6D-8038-6613C55AFB4C}"
EndProject
Project("{FAE04EC0-301F-11D3-BF4B-00C04F79EFBC}") = "ITMO_79", "ITMO_79\ITMO_79.csproj", "{A08A0E42-CDFA-4CA2-A8A8-23C8481EC6A1}"
EndProject
Global
	GlobalSection(SolutionConfigurationPlatforms) = preSolution
		Debug|Any CPU = Debug|Any CPU
		Release|Any CPU = Release|Any CPU
	EndGlobalSection
	GlobalSection(ProjectConfigurationPlatforms) = postSolution
		{CB57922A-69AE-4D51-8CF8-525FEDD0DCBF}.Debug|Any CPU.ActiveCfg = Debug|Any CPU
		{CB57922A-69AE-4D51-8CF8-525FEDD0DCBF}.Debug|Any CPU.Build.0 = Debug|Any CPU
		{CB57922A-69AE-4D51-8CF8-525FEDD0DCBF}.Release|Any CPU.ActiveCfg = Release|Any CPU
		{CB57922A-69AE-4D51-8CF8-525FEDD0DCBF}.Release|Any CPU.Build.0 = Release|Any CPU
		{2C291C65-2ED0-4DE7-A44B-CF7C8A3BF0DD}.Debug|Any CPU.ActiveCfg = Debug|Any CPU
		{2C291C65-2ED0-4DE7-A44B-CF7C8A3BF0DD}.Debug|Any CPU.Build.0 = Debug|Any CPU
		{2C291C65-2ED0-4DE7-A44B-CF7C8A3BF0DD}.Release|Any CPU.ActiveCfg = Release|Any CPU
		{2C291C65-2ED0-4DE7-A44B-CF7C8A3BF0DD}.Release|Any CPU.Build.0 = Release|Any CPU
		{89CC52F8-D994-435A-A8E4-9D4D59A9786E}.Debug|Any CPU.ActiveCfg = Debug|Any CPU
		{89CC52F8-D994-435A-A8E4-9D4D59A9786E}.Debug|Any CPU.Build.0 = Debug|Any CPU
		{89CC52F8-D994-435A-A8E4-9D4D59A9786E}.Release|Any CPU.ActiveCfg = Release|Any CPU
		{89CC52F8-D994-435A-A8E4-9D4D59A9786E}.Release|Any CPU.Build.0 = Release|Any CPU
		{654A15E6-95A3-4DE1-83CA-2C9F0D2F43CB}.Debug|Any CPU.ActiveCfg = Debug|Any CPU
		{654A15E6-95A3-4DE1-83CA-2C9F0D2F43CB}.Debug|Any CPU.Build.0 = Debug|Any CPU
		{654A15E6-95A3-4DE1-83CA-2C9F0D2F43CB}.Release|Any CPU.ActiveCfg = Release|Any CPU
		{654A15E6-95A3-4DE1-83CA-2C9F0D2F43CB}.Release|Any CPU.Build.0 = Release|Any CPU
		{9B759A85-5DFC-42E9-AAE4-A5C1ED7A53E0}.Debug|Any CPU.ActiveCfg = Debug|Any CPU
		{9B759A85-5DFC-42E9-AAE4-A5C1ED7A53E0}.Debug|Any CPU.Build.0 = Debug|Any CPU
		{9B759A85-5DFC-42E9-AAE4-A5C1ED7A53E0}.Release|Any CPU.ActiveCfg = Release|Any CPU
		{9B759A85-5DFC-42E9-AAE4-A5C1ED7A53E0}.Release|Any CPU.Build.0 = Release|Any CPU
		{01D73D8C-6E97-4EC9-8E9A-5DAC842C5918}.Debug|Any CPU.ActiveCfg = Debug|Any CPU
		{01D73D8C-6E97-4EC9-8E9A-5DAC842C5918}.Debug|Any CPU.Build.0 = Debug|Any CPU
		{01D73D8C-6E97-4EC9-8E9A-5DAC842C5918}.Release|Any CPU.ActiveCfg = Release|Any CPU
		{01D73D8C-6E97-4EC9-8E9A-5DAC842C5918}.Release|Any CPU.Build.0 = Release|Any CPU
		{903A2DA2-9565-41E7-8806-EDA4DAD33C83}.Debug|Any CPU.ActiveCfg = Debug|Any CPU
		{903A2DA2-9565-41E7-8806-EDA4DAD33C83}.Debug|Any CPU.Build.0 = Debug|Any CPU
		{903A2DA2-9565-41E7-8806-EDA4DAD33C83}.Release|Any CPU.ActiveCfg = Release|Any CPU
		{903A2DA2-9565-41E7-8806-EDA4DAD33C83}.Release|Any CPU.Build.0 = Release|Any CPU
		{8870D56E-7B7B-40EF-AC39-E90E2FE43B04}.Debug|Any CPU.ActiveCfg = Debug|Any CPU
		{8870D56E-7B7B-40EF-AC39-E90E2FE43B04}.Debug|Any CPU.Build.0 = Debug|Any CPU
		{8870D56E-7B7B-40EF-AC39-E90E2FE43B04}.Release|Any CPU.ActiveCfg = Release|Any CPU
		{8870D56E-7B7B-40EF-AC39-E90E2FE43B04}.Release|Any CPU.Build.0 = Release|Any CPU
		{BDDA195F-DBB4-4578-ADC3-27B75C02CB8A}.Debug|Any CPU.ActiveCfg = Debug|Any CPU
		{BDDA195F-DBB4-4578-ADC3-27B75C02CB8A}.Debug|Any CPU.Build.0 = Debug|Any CPU
		{BDDA195F-DBB4-4578-ADC3-27B75C02CB8A}.Release|Any CPU.ActiveCfg = Release|Any CPU
		{BDDA195F-DBB4-4578-ADC3-27B75C02CB8A}.Release|Any CPU.Build.0 = Release|Any CPU
		{EC1D3E27-256D-46D2-8F2C-884E4E2272D2}.Debug|Any CPU.ActiveCfg = Debug|Any CPU
		{EC1D3E27-256D-46D2-8F2C-884E4E2272D2}.Debug|Any CPU.Build.0 = Debug|Any CPU
		{EC1D3E27-256D-46D2-8F2C-884E4E2272D2}.Release|Any CPU.ActiveCfg = Release|Any CPU
		{EC1D3E27-256D-46D2-8F2C-884E4E2272D2}.Release|Any CPU.Build.0 = Release|Any CPU
		{2045E0AC-57AD-429D-98B1-1EAABAE2AF8D}.Debug|Any CPU.ActiveCfg = Debug|Any CPU
		{2045E0AC-57AD-429D-98B1-1EAABAE2AF8D}.Debug|Any CPU.Build.0 = Debug|Any CPU
		{2045E0AC-57AD-429D-98B1-1EAABAE2AF8D}.Release|Any CPU.ActiveCfg = Release|Any CPU
		{2045E0AC-57AD-429D-98B1-1EAABAE2AF8D}.Release|Any CPU.Build.0 = Release|Any CPU
		{6640CC98-7C5A-4401-AD34-4B1BBA1445F5}.Debug|Any CPU.ActiveCfg = Debug|Any CPU
		{6640CC98-7C5A-4401-AD34-4B1BBA1445F5}.Debug|Any CPU.Build.0 = Debug|Any CPU
		{6640CC98-7C5A-4401-AD34-4B1BBA1445F5}.Release|Any CPU.ActiveCfg = Release|Any CPU
		{6640CC98-7C5A-4401-AD34-4B1BBA1445F5}.Release|Any CPU.Build.0 = Release|Any CPU
		{2C2EBF16-BA63-457A-A3B1-EFCA2E7C6FC7}.Debug|Any CPU.ActiveCfg = Debug|Any CPU
		{2C2EBF16-BA63-457A-A3B1-EFCA2E7C6FC7}.Debug|Any CPU.Build.0 = Debug|Any CPU
		{2C2EBF16-BA63-457A-A3B1-EFCA2E7C6FC7}.Release|Any CPU.ActiveCfg = Release|Any CPU
		{2C2EBF16-BA63-457A-A3B1-EFCA2E7C6FC7}.Release|Any CPU.Build.0 = Release|Any CPU
		{AF5AD5E9-0E7A-4545-A793-1D3B4BE08437}.Debug|Any CPU.ActiveCfg = Debug|Any CPU
		{AF5AD5E9-0E7A-4545-A793-1D3B4BE08437}.Debug|Any CPU.Build.0 = Debug|Any CPU
		{AF5AD5E9-0E7A-4545-A793-1D3B4BE08437}.Release|Any CPU.ActiveCfg = Release|Any CPU
		{AF5AD5E9-0E7A-4545-A793-1D3B4BE08437}.Release|Any CPU.Build.0 = Release|Any CPU
		{644FECCB-DECA-4717-A54B-B140E5407B8B}.Debug|Any CPU.ActiveCfg = Debug|Any CPU
		{644FECCB-DECA-4717-A54B-B140E5407B8B}.Debug|Any CPU.Build.0 = Debug|Any CPU
		{644FECCB-DECA-4717-A54B-B140E5407B8B}.Release|Any CPU.ActiveCfg = Release|Any CPU
		{644FECCB-DECA-4717-A54B-B140E5407B8B}.Release|Any CPU.Build.0 = Release|Any CPU
		{0C09DBAA-B781-4FC4-82EF-21683BCD68FB}.Debug|Any CPU.ActiveCfg = Debug|Any CPU
		{0C09DBAA-B781-4FC4-82EF-21683BCD68FB}.Debug|Any CPU.Build.0 = Debug|Any CPU
		{0C09DBAA-B781-4FC4-82EF-21683BCD68FB}.Release|Any CPU.ActiveCfg = Release|Any CPU
		{0C09DBAA-B781-4FC4-82EF-21683BCD68FB}.Release|Any CPU.Build.0 = Release|Any CPU
		{94883D31-2C71-4085-B2FC-34AC7EDAFA40}.Debug|Any CPU.ActiveCfg = Debug|Any CPU
		{94883D31-2C71-4085-B2FC-34AC7EDAFA40}.Debug|Any CPU.Build.0 = Debug|Any CPU
		{94883D31-2C71-4085-B2FC-34AC7EDAFA40}.Release|Any CPU.ActiveCfg = Release|Any CPU
		{94883D31-2C71-4085-B2FC-34AC7EDAFA40}.Release|Any CPU.Build.0 = Release|Any CPU
		{2F350B85-8B5B-48DA-B2F5-319D3FE4F3FF}.Debug|Any CPU.ActiveCfg = Debug|Any CPU
		{2F350B85-8B5B-48DA-B2F5-319D3FE4F3FF}.Debug|Any CPU.Build.0 = Debug|Any CPU
		{2F350B85-8B5B-48DA-B2F5-319D3FE4F3FF}.Release|Any CPU.ActiveCfg = Release|Any CPU
		{2F350B85-8B5B-48DA-B2F5-319D3FE4F3FF}.Release|Any CPU.Build.0 = Release|Any CPU
		{44DF65AE-5235-448C-9187-791FA1ADC132}.Debug|Any CPU.ActiveCfg = Debug|Any CPU
		{44DF65AE-5235-448C-9187-791FA1ADC132}.Debug|Any CPU.Build.0 = Debug|Any CPU
		{44DF65AE-5235-448C-9187-791FA1ADC132}.Release|Any CPU.ActiveCfg = Release|Any CPU
		{44DF65AE-5235-448C-9187-791FA1ADC132}.Release|Any CPU.Build.0 = Release|Any CPU
		{8E1287B2-1155-482B-A361-B6DA4BE642A3}.Debug|Any CPU.ActiveCfg = Debug|Any CPU
		{8E1287B2-1155-482B-A361-B6DA4BE642A3}.Debug|Any CPU.Build.0 = Debug|Any CPU
		{8E1287B2-1155-482B-A361-B6DA4BE642A3}.Release|Any CPU.ActiveCfg = Release|Any CPU
		{8E1287B2-1155-482B-A361-B6DA4BE642A3}.Release|Any CPU.Build.0 = Release|Any CPU
		{194529EC-70CA-44D2-A769-F2F9006A6AE1}.Debug|Any CPU.ActiveCfg = Debug|Any CPU
		{194529EC-70CA-44D2-A769-F2F9006A6AE1}.Debug|Any CPU.Build.0 = Debug|Any CPU
		{194529EC-70CA-44D2-A769-F2F9006A6AE1}.Release|Any CPU.ActiveCfg = Release|Any CPU
		{194529EC-70CA-44D2-A769-F2F9006A6AE1}.Release|Any CPU.Build.0 = Release|Any CPU
		{3A6D38BA-17D6-491B-B76B-595855D6D51E}.Debug|Any CPU.ActiveCfg = Debug|Any CPU
		{3A6D38BA-17D6-491B-B76B-595855D6D51E}.Debug|Any CPU.Build.0 = Debug|Any CPU
		{3A6D38BA-17D6-491B-B76B-595855D6D51E}.Release|Any CPU.ActiveCfg = Release|Any CPU
		{3A6D38BA-17D6-491B-B76B-595855D6D51E}.Release|Any CPU.Build.0 = Release|Any CPU
		{F65AAABA-EBA0-45E6-8A48-59D44DC05EDD}.Debug|Any CPU.ActiveCfg = Debug|Any CPU
		{F65AAABA-EBA0-45E6-8A48-59D44DC05EDD}.Debug|Any CPU.Build.0 = Debug|Any CPU
		{F65AAABA-EBA0-45E6-8A48-59D44DC05EDD}.Release|Any CPU.ActiveCfg = Release|Any CPU
		{F65AAABA-EBA0-45E6-8A48-59D44DC05EDD}.Release|Any CPU.Build.0 = Release|Any CPU
		{9E958683-6C37-43C1-8499-84F84BC3B65A}.Debug|Any CPU.ActiveCfg = Debug|Any CPU
		{9E958683-6C37-43C1-8499-84F84BC3B65A}.Debug|Any CPU.Build.0 = Debug|Any CPU
		{9E958683-6C37-43C1-8499-84F84BC3B65A}.Release|Any CPU.ActiveCfg = Release|Any CPU
		{9E958683-6C37-43C1-8499-84F84BC3B65A}.Release|Any CPU.Build.0 = Release|Any CPU
		{1D7F3341-1E21-42F8-92F9-D7FA6AAE421F}.Debug|Any CPU.ActiveCfg = Debug|Any CPU
		{1D7F3341-1E21-42F8-92F9-D7FA6AAE421F}.Debug|Any CPU.Build.0 = Debug|Any CPU
		{1D7F3341-1E21-42F8-92F9-D7FA6AAE421F}.Release|Any CPU.ActiveCfg = Release|Any CPU
		{1D7F3341-1E21-42F8-92F9-D7FA6AAE421F}.Release|Any CPU.Build.0 = Release|Any CPU
		{7184A2D7-C411-4EEC-884D-281097D6175B}.Debug|Any CPU.ActiveCfg = Debug|Any CPU
		{7184A2D7-C411-4EEC-884D-281097D6175B}.Debug|Any CPU.Build.0 = Debug|Any CPU
		{7184A2D7-C411-4EEC-884D-281097D6175B}.Release|Any CPU.ActiveCfg = Release|Any CPU
		{7184A2D7-C411-4EEC-884D-281097D6175B}.Release|Any CPU.Build.0 = Release|Any CPU
		{54B1B123-F3AC-4B21-9B44-AA0AA0BBB3CC}.Debug|Any CPU.ActiveCfg = Debug|Any CPU
		{54B1B123-F3AC-4B21-9B44-AA0AA0BBB3CC}.Debug|Any CPU.Build.0 = Debug|Any CPU
		{54B1B123-F3AC-4B21-9B44-AA0AA0BBB3CC}.Release|Any CPU.ActiveCfg = Release|Any CPU
		{54B1B123-F3AC-4B21-9B44-AA0AA0BBB3CC}.Release|Any CPU.Build.0 = Release|Any CPU
		{F46C707A-DED1-4E8E-98DF-F3A025C8C6B1}.Debug|Any CPU.ActiveCfg = Debug|Any CPU
		{F46C707A-DED1-4E8E-98DF-F3A025C8C6B1}.Debug|Any CPU.Build.0 = Debug|Any CPU
		{F46C707A-DED1-4E8E-98DF-F3A025C8C6B1}.Release|Any CPU.ActiveCfg = Release|Any CPU
		{F46C707A-DED1-4E8E-98DF-F3A025C8C6B1}.Release|Any CPU.Build.0 = Release|Any CPU
		{2C366CC4-215D-4491-BA4F-8AA1B8E97CB6}.Debug|Any CPU.ActiveCfg = Debug|Any CPU
		{2C366CC4-215D-4491-BA4F-8AA1B8E97CB6}.Debug|Any CPU.Build.0 = Debug|Any CPU
		{2C366CC4-215D-4491-BA4F-8AA1B8E97CB6}.Release|Any CPU.ActiveCfg = Release|Any CPU
		{2C366CC4-215D-4491-BA4F-8AA1B8E97CB6}.Release|Any CPU.Build.0 = Release|Any CPU
		{6C1A26F4-944A-49B9-91A6-28DFCB88AB03}.Debug|Any CPU.ActiveCfg = Debug|Any CPU
		{6C1A26F4-944A-49B9-91A6-28DFCB88AB03}.Debug|Any CPU.Build.0 = Debug|Any CPU
		{6C1A26F4-944A-49B9-91A6-28DFCB88AB03}.Release|Any CPU.ActiveCfg = Release|Any CPU
		{6C1A26F4-944A-49B9-91A6-28DFCB88AB03}.Release|Any CPU.Build.0 = Release|Any CPU
		{ECE257B5-525A-46A5-9D18-EFE478EB82EA}.Debug|Any CPU.ActiveCfg = Debug|Any CPU
		{ECE257B5-525A-46A5-9D18-EFE478EB82EA}.Debug|Any CPU.Build.0 = Debug|Any CPU
		{ECE257B5-525A-46A5-9D18-EFE478EB82EA}.Release|Any CPU.ActiveCfg = Release|Any CPU
		{ECE257B5-525A-46A5-9D18-EFE478EB82EA}.Release|Any CPU.Build.0 = Release|Any CPU
		{E5163167-CE3C-4574-9C00-902C3C52F877}.Debug|Any CPU.ActiveCfg = Debug|Any CPU
		{E5163167-CE3C-4574-9C00-902C3C52F877}.Debug|Any CPU.Build.0 = Debug|Any CPU
		{E5163167-CE3C-4574-9C00-902C3C52F877}.Release|Any CPU.ActiveCfg = Release|Any CPU
		{E5163167-CE3C-4574-9C00-902C3C52F877}.Release|Any CPU.Build.0 = Release|Any CPU
		{60124BE6-8C9D-442F-AE7C-4CE534D515F5}.Debug|Any CPU.ActiveCfg = Debug|Any CPU
		{60124BE6-8C9D-442F-AE7C-4CE534D515F5}.Debug|Any CPU.Build.0 = Debug|Any CPU
		{60124BE6-8C9D-442F-AE7C-4CE534D515F5}.Release|Any CPU.ActiveCfg = Release|Any CPU
		{60124BE6-8C9D-442F-AE7C-4CE534D515F5}.Release|Any CPU.Build.0 = Release|Any CPU
		{9CEFB733-1CA6-43F7-95B7-2B3C0BEF9B6A}.Debug|Any CPU.ActiveCfg = Debug|Any CPU
		{9CEFB733-1CA6-43F7-95B7-2B3C0BEF9B6A}.Debug|Any CPU.Build.0 = Debug|Any CPU
		{9CEFB733-1CA6-43F7-95B7-2B3C0BEF9B6A}.Release|Any CPU.ActiveCfg = Release|Any CPU
		{9CEFB733-1CA6-43F7-95B7-2B3C0BEF9B6A}.Release|Any CPU.Build.0 = Release|Any CPU
		{4FA13451-3F21-4ECC-9658-3D9FA553B081}.Debug|Any CPU.ActiveCfg = Debug|Any CPU
		{4FA13451-3F21-4ECC-9658-3D9FA553B081}.Debug|Any CPU.Build.0 = Debug|Any CPU
		{4FA13451-3F21-4ECC-9658-3D9FA553B081}.Release|Any CPU.ActiveCfg = Release|Any CPU
		{4FA13451-3F21-4ECC-9658-3D9FA553B081}.Release|Any CPU.Build.0 = Release|Any CPU
		{A4DD0F1D-DCD8-4D1E-8051-1233A263144B}.Debug|Any CPU.ActiveCfg = Debug|Any CPU
		{A4DD0F1D-DCD8-4D1E-8051-1233A263144B}.Debug|Any CPU.Build.0 = Debug|Any CPU
		{A4DD0F1D-DCD8-4D1E-8051-1233A263144B}.Release|Any CPU.ActiveCfg = Release|Any CPU
		{A4DD0F1D-DCD8-4D1E-8051-1233A263144B}.Release|Any CPU.Build.0 = Release|Any CPU
		{D8E64B21-2E45-44DC-AA11-CFB4F7E6A26B}.Debug|Any CPU.ActiveCfg = Debug|Any CPU
		{D8E64B21-2E45-44DC-AA11-CFB4F7E6A26B}.Debug|Any CPU.Build.0 = Debug|Any CPU
		{D8E64B21-2E45-44DC-AA11-CFB4F7E6A26B}.Release|Any CPU.ActiveCfg = Release|Any CPU
		{D8E64B21-2E45-44DC-AA11-CFB4F7E6A26B}.Release|Any CPU.Build.0 = Release|Any CPU
		{58ADD6B3-D317-446D-A7DD-186489C7400C}.Debug|Any CPU.ActiveCfg = Debug|Any CPU
		{58ADD6B3-D317-446D-A7DD-186489C7400C}.Debug|Any CPU.Build.0 = Debug|Any CPU
		{58ADD6B3-D317-446D-A7DD-186489C7400C}.Release|Any CPU.ActiveCfg = Release|Any CPU
		{58ADD6B3-D317-446D-A7DD-186489C7400C}.Release|Any CPU.Build.0 = Release|Any CPU
		{A604DE83-B028-4377-922F-0FEF0D9B8456}.Debug|Any CPU.ActiveCfg = Debug|Any CPU
		{A604DE83-B028-4377-922F-0FEF0D9B8456}.Debug|Any CPU.Build.0 = Debug|Any CPU
		{A604DE83-B028-4377-922F-0FEF0D9B8456}.Release|Any CPU.ActiveCfg = Release|Any CPU
		{A604DE83-B028-4377-922F-0FEF0D9B8456}.Release|Any CPU.Build.0 = Release|Any CPU
		{44FDE699-DCCB-48B1-AD9E-6933E3A47F1B}.Debug|Any CPU.ActiveCfg = Debug|Any CPU
		{44FDE699-DCCB-48B1-AD9E-6933E3A47F1B}.Debug|Any CPU.Build.0 = Debug|Any CPU
		{44FDE699-DCCB-48B1-AD9E-6933E3A47F1B}.Release|Any CPU.ActiveCfg = Release|Any CPU
		{44FDE699-DCCB-48B1-AD9E-6933E3A47F1B}.Release|Any CPU.Build.0 = Release|Any CPU
		{F55C88E8-782A-4E1D-BBE2-159AC27A6AB4}.Debug|Any CPU.ActiveCfg = Debug|Any CPU
		{F55C88E8-782A-4E1D-BBE2-159AC27A6AB4}.Debug|Any CPU.Build.0 = Debug|Any CPU
		{F55C88E8-782A-4E1D-BBE2-159AC27A6AB4}.Release|Any CPU.ActiveCfg = Release|Any CPU
		{F55C88E8-782A-4E1D-BBE2-159AC27A6AB4}.Release|Any CPU.Build.0 = Release|Any CPU
		{524C31F1-EA89-4832-BE38-10C56D8D1CAC}.Debug|Any CPU.ActiveCfg = Debug|Any CPU
		{524C31F1-EA89-4832-BE38-10C56D8D1CAC}.Debug|Any CPU.Build.0 = Debug|Any CPU
		{524C31F1-EA89-4832-BE38-10C56D8D1CAC}.Release|Any CPU.ActiveCfg = Release|Any CPU
		{524C31F1-EA89-4832-BE38-10C56D8D1CAC}.Release|Any CPU.Build.0 = Release|Any CPU
		{0D841A66-1D81-4D5F-A30B-8D3BE4C00633}.Debug|Any CPU.ActiveCfg = Debug|Any CPU
		{0D841A66-1D81-4D5F-A30B-8D3BE4C00633}.Debug|Any CPU.Build.0 = Debug|Any CPU
		{0D841A66-1D81-4D5F-A30B-8D3BE4C00633}.Release|Any CPU.ActiveCfg = Release|Any CPU
		{0D841A66-1D81-4D5F-A30B-8D3BE4C00633}.Release|Any CPU.Build.0 = Release|Any CPU
		{1C79563D-16B3-4B8D-8360-6D743643DF5D}.Debug|Any CPU.ActiveCfg = Debug|Any CPU
		{1C79563D-16B3-4B8D-8360-6D743643DF5D}.Debug|Any CPU.Build.0 = Debug|Any CPU
		{1C79563D-16B3-4B8D-8360-6D743643DF5D}.Release|Any CPU.ActiveCfg = Release|Any CPU
		{1C79563D-16B3-4B8D-8360-6D743643DF5D}.Release|Any CPU.Build.0 = Release|Any CPU
		{091C0A6F-0C57-4D50-A4CE-5A7D96713FA9}.Debug|Any CPU.ActiveCfg = Debug|Any CPU
		{091C0A6F-0C57-4D50-A4CE-5A7D96713FA9}.Debug|Any CPU.Build.0 = Debug|Any CPU
		{091C0A6F-0C57-4D50-A4CE-5A7D96713FA9}.Release|Any CPU.ActiveCfg = Release|Any CPU
		{091C0A6F-0C57-4D50-A4CE-5A7D96713FA9}.Release|Any CPU.Build.0 = Release|Any CPU
		{6E99CE4A-6A68-4555-8ABA-408ACD82CD51}.Debug|Any CPU.ActiveCfg = Debug|Any CPU
		{6E99CE4A-6A68-4555-8ABA-408ACD82CD51}.Debug|Any CPU.Build.0 = Debug|Any CPU
		{6E99CE4A-6A68-4555-8ABA-408ACD82CD51}.Release|Any CPU.ActiveCfg = Release|Any CPU
		{6E99CE4A-6A68-4555-8ABA-408ACD82CD51}.Release|Any CPU.Build.0 = Release|Any CPU
		{8B9D7C4D-D6C4-4DC4-BB28-EA99278DF076}.Debug|Any CPU.ActiveCfg = Debug|Any CPU
		{8B9D7C4D-D6C4-4DC4-BB28-EA99278DF076}.Debug|Any CPU.Build.0 = Debug|Any CPU
		{8B9D7C4D-D6C4-4DC4-BB28-EA99278DF076}.Release|Any CPU.ActiveCfg = Release|Any CPU
		{8B9D7C4D-D6C4-4DC4-BB28-EA99278DF076}.Release|Any CPU.Build.0 = Release|Any CPU
		{D34AD0F7-F508-46D5-8541-1EB04E191D4B}.Debug|Any CPU.ActiveCfg = Debug|Any CPU
		{D34AD0F7-F508-46D5-8541-1EB04E191D4B}.Debug|Any CPU.Build.0 = Debug|Any CPU
		{D34AD0F7-F508-46D5-8541-1EB04E191D4B}.Release|Any CPU.ActiveCfg = Release|Any CPU
		{D34AD0F7-F508-46D5-8541-1EB04E191D4B}.Release|Any CPU.Build.0 = Release|Any CPU
		{83E49F6A-25C6-447A-8D39-32C8DD62913D}.Debug|Any CPU.ActiveCfg = Debug|Any CPU
		{83E49F6A-25C6-447A-8D39-32C8DD62913D}.Debug|Any CPU.Build.0 = Debug|Any CPU
		{83E49F6A-25C6-447A-8D39-32C8DD62913D}.Release|Any CPU.ActiveCfg = Release|Any CPU
		{83E49F6A-25C6-447A-8D39-32C8DD62913D}.Release|Any CPU.Build.0 = Release|Any CPU
		{2A2FC539-FBE9-4B05-A813-E1F79EA2239F}.Debug|Any CPU.ActiveCfg = Debug|Any CPU
		{2A2FC539-FBE9-4B05-A813-E1F79EA2239F}.Debug|Any CPU.Build.0 = Debug|Any CPU
		{2A2FC539-FBE9-4B05-A813-E1F79EA2239F}.Release|Any CPU.ActiveCfg = Release|Any CPU
		{2A2FC539-FBE9-4B05-A813-E1F79EA2239F}.Release|Any CPU.Build.0 = Release|Any CPU
		{FC0595A1-F54C-4591-AF34-A5CB76278CE6}.Debug|Any CPU.ActiveCfg = Debug|Any CPU
		{FC0595A1-F54C-4591-AF34-A5CB76278CE6}.Debug|Any CPU.Build.0 = Debug|Any CPU
		{FC0595A1-F54C-4591-AF34-A5CB76278CE6}.Release|Any CPU.ActiveCfg = Release|Any CPU
		{FC0595A1-F54C-4591-AF34-A5CB76278CE6}.Release|Any CPU.Build.0 = Release|Any CPU
		{A3131887-0C3A-45D3-9484-038007F2D0EA}.Debug|Any CPU.ActiveCfg = Debug|Any CPU
		{A3131887-0C3A-45D3-9484-038007F2D0EA}.Debug|Any CPU.Build.0 = Debug|Any CPU
		{A3131887-0C3A-45D3-9484-038007F2D0EA}.Release|Any CPU.ActiveCfg = Release|Any CPU
		{A3131887-0C3A-45D3-9484-038007F2D0EA}.Release|Any CPU.Build.0 = Release|Any CPU
		{D3F2C4F6-26D7-4389-BD61-CE0B91E1C5AC}.Debug|Any CPU.ActiveCfg = Debug|Any CPU
		{D3F2C4F6-26D7-4389-BD61-CE0B91E1C5AC}.Debug|Any CPU.Build.0 = Debug|Any CPU
		{D3F2C4F6-26D7-4389-BD61-CE0B91E1C5AC}.Release|Any CPU.ActiveCfg = Release|Any CPU
		{D3F2C4F6-26D7-4389-BD61-CE0B91E1C5AC}.Release|Any CPU.Build.0 = Release|Any CPU
		{F5CDF18B-1BA3-441D-BE1C-BC6DF97C1E57}.Debug|Any CPU.ActiveCfg = Debug|Any CPU
		{F5CDF18B-1BA3-441D-BE1C-BC6DF97C1E57}.Debug|Any CPU.Build.0 = Debug|Any CPU
		{F5CDF18B-1BA3-441D-BE1C-BC6DF97C1E57}.Release|Any CPU.ActiveCfg = Release|Any CPU
		{F5CDF18B-1BA3-441D-BE1C-BC6DF97C1E57}.Release|Any CPU.Build.0 = Release|Any CPU
		{017FCC0F-2AC9-4D58-BF83-A7938D4BF28F}.Debug|Any CPU.ActiveCfg = Debug|Any CPU
		{017FCC0F-2AC9-4D58-BF83-A7938D4BF28F}.Debug|Any CPU.Build.0 = Debug|Any CPU
		{017FCC0F-2AC9-4D58-BF83-A7938D4BF28F}.Release|Any CPU.ActiveCfg = Release|Any CPU
		{017FCC0F-2AC9-4D58-BF83-A7938D4BF28F}.Release|Any CPU.Build.0 = Release|Any CPU
		{2924467D-C476-4161-B6CC-A6DCA1A8B64B}.Debug|Any CPU.ActiveCfg = Debug|Any CPU
		{2924467D-C476-4161-B6CC-A6DCA1A8B64B}.Debug|Any CPU.Build.0 = Debug|Any CPU
		{2924467D-C476-4161-B6CC-A6DCA1A8B64B}.Release|Any CPU.ActiveCfg = Release|Any CPU
		{2924467D-C476-4161-B6CC-A6DCA1A8B64B}.Release|Any CPU.Build.0 = Release|Any CPU
		{79F98DB6-E484-4690-932F-455C093B8E20}.Debug|Any CPU.ActiveCfg = Debug|Any CPU
		{79F98DB6-E484-4690-932F-455C093B8E20}.Debug|Any CPU.Build.0 = Debug|Any CPU
		{79F98DB6-E484-4690-932F-455C093B8E20}.Release|Any CPU.ActiveCfg = Release|Any CPU
		{79F98DB6-E484-4690-932F-455C093B8E20}.Release|Any CPU.Build.0 = Release|Any CPU
		{30C3EEA8-E4EE-41CF-8C69-DCC8B0B193AB}.Debug|Any CPU.ActiveCfg = Debug|Any CPU
		{30C3EEA8-E4EE-41CF-8C69-DCC8B0B193AB}.Debug|Any CPU.Build.0 = Debug|Any CPU
		{30C3EEA8-E4EE-41CF-8C69-DCC8B0B193AB}.Release|Any CPU.ActiveCfg = Release|Any CPU
		{30C3EEA8-E4EE-41CF-8C69-DCC8B0B193AB}.Release|Any CPU.Build.0 = Release|Any CPU
		{49B7B124-FDC2-4F05-848C-CFDCCA2A4C98}.Debug|Any CPU.ActiveCfg = Debug|Any CPU
		{49B7B124-FDC2-4F05-848C-CFDCCA2A4C98}.Debug|Any CPU.Build.0 = Debug|Any CPU
		{49B7B124-FDC2-4F05-848C-CFDCCA2A4C98}.Release|Any CPU.ActiveCfg = Release|Any CPU
		{49B7B124-FDC2-4F05-848C-CFDCCA2A4C98}.Release|Any CPU.Build.0 = Release|Any CPU
		{1F2204D6-BAFA-48EC-BB3D-557840F7E258}.Debug|Any CPU.ActiveCfg = Debug|Any CPU
		{1F2204D6-BAFA-48EC-BB3D-557840F7E258}.Debug|Any CPU.Build.0 = Debug|Any CPU
		{1F2204D6-BAFA-48EC-BB3D-557840F7E258}.Release|Any CPU.ActiveCfg = Release|Any CPU
		{1F2204D6-BAFA-48EC-BB3D-557840F7E258}.Release|Any CPU.Build.0 = Release|Any CPU
		{967D9726-22F8-4396-9B99-A6047C5A0133}.Debug|Any CPU.ActiveCfg = Debug|Any CPU
		{967D9726-22F8-4396-9B99-A6047C5A0133}.Debug|Any CPU.Build.0 = Debug|Any CPU
		{967D9726-22F8-4396-9B99-A6047C5A0133}.Release|Any CPU.ActiveCfg = Release|Any CPU
		{967D9726-22F8-4396-9B99-A6047C5A0133}.Release|Any CPU.Build.0 = Release|Any CPU
		{80166B0A-F0D3-42FD-B81F-57954968569B}.Debug|Any CPU.ActiveCfg = Debug|Any CPU
		{80166B0A-F0D3-42FD-B81F-57954968569B}.Debug|Any CPU.Build.0 = Debug|Any CPU
		{80166B0A-F0D3-42FD-B81F-57954968569B}.Release|Any CPU.ActiveCfg = Release|Any CPU
		{80166B0A-F0D3-42FD-B81F-57954968569B}.Release|Any CPU.Build.0 = Release|Any CPU
		{F0F9287F-2423-4215-B464-35D7D419612E}.Debug|Any CPU.ActiveCfg = Debug|Any CPU
		{F0F9287F-2423-4215-B464-35D7D419612E}.Debug|Any CPU.Build.0 = Debug|Any CPU
		{F0F9287F-2423-4215-B464-35D7D419612E}.Release|Any CPU.ActiveCfg = Release|Any CPU
		{F0F9287F-2423-4215-B464-35D7D419612E}.Release|Any CPU.Build.0 = Release|Any CPU
		{1573C25C-88C2-4623-B4E4-119DDBEE88A7}.Debug|Any CPU.ActiveCfg = Debug|Any CPU
		{1573C25C-88C2-4623-B4E4-119DDBEE88A7}.Debug|Any CPU.Build.0 = Debug|Any CPU
		{1573C25C-88C2-4623-B4E4-119DDBEE88A7}.Release|Any CPU.ActiveCfg = Release|Any CPU
		{1573C25C-88C2-4623-B4E4-119DDBEE88A7}.Release|Any CPU.Build.0 = Release|Any CPU
		{00AE5448-ABAE-4E85-86F2-3DD86CA3F2ED}.Debug|Any CPU.ActiveCfg = Debug|Any CPU
		{00AE5448-ABAE-4E85-86F2-3DD86CA3F2ED}.Debug|Any CPU.Build.0 = Debug|Any CPU
		{00AE5448-ABAE-4E85-86F2-3DD86CA3F2ED}.Release|Any CPU.ActiveCfg = Release|Any CPU
		{00AE5448-ABAE-4E85-86F2-3DD86CA3F2ED}.Release|Any CPU.Build.0 = Release|Any CPU
		{4355DB23-B746-4BAF-AD55-12F9AD339EED}.Debug|Any CPU.ActiveCfg = Debug|Any CPU
		{4355DB23-B746-4BAF-AD55-12F9AD339EED}.Debug|Any CPU.Build.0 = Debug|Any CPU
		{4355DB23-B746-4BAF-AD55-12F9AD339EED}.Release|Any CPU.ActiveCfg = Release|Any CPU
		{4355DB23-B746-4BAF-AD55-12F9AD339EED}.Release|Any CPU.Build.0 = Release|Any CPU
		{215ADDBE-F9E4-4F22-BDC4-9F596EDEFD23}.Debug|Any CPU.ActiveCfg = Debug|Any CPU
		{215ADDBE-F9E4-4F22-BDC4-9F596EDEFD23}.Debug|Any CPU.Build.0 = Debug|Any CPU
		{215ADDBE-F9E4-4F22-BDC4-9F596EDEFD23}.Release|Any CPU.ActiveCfg = Release|Any CPU
		{215ADDBE-F9E4-4F22-BDC4-9F596EDEFD23}.Release|Any CPU.Build.0 = Release|Any CPU
		{91070613-F26B-42C8-B549-46A6C3A91F02}.Debug|Any CPU.ActiveCfg = Debug|Any CPU
		{91070613-F26B-42C8-B549-46A6C3A91F02}.Debug|Any CPU.Build.0 = Debug|Any CPU
		{91070613-F26B-42C8-B549-46A6C3A91F02}.Release|Any CPU.ActiveCfg = Release|Any CPU
		{91070613-F26B-42C8-B549-46A6C3A91F02}.Release|Any CPU.Build.0 = Release|Any CPU
		{FA1F4BCD-BA61-4ADD-8A6E-CA5865471EBF}.Debug|Any CPU.ActiveCfg = Debug|Any CPU
		{FA1F4BCD-BA61-4ADD-8A6E-CA5865471EBF}.Debug|Any CPU.Build.0 = Debug|Any CPU
		{FA1F4BCD-BA61-4ADD-8A6E-CA5865471EBF}.Release|Any CPU.ActiveCfg = Release|Any CPU
		{FA1F4BCD-BA61-4ADD-8A6E-CA5865471EBF}.Release|Any CPU.Build.0 = Release|Any CPU
		{6AB97D60-2627-4293-9A41-DEACAECE7716}.Debug|Any CPU.ActiveCfg = Debug|Any CPU
		{6AB97D60-2627-4293-9A41-DEACAECE7716}.Debug|Any CPU.Build.0 = Debug|Any CPU
		{6AB97D60-2627-4293-9A41-DEACAECE7716}.Release|Any CPU.ActiveCfg = Release|Any CPU
		{6AB97D60-2627-4293-9A41-DEACAECE7716}.Release|Any CPU.Build.0 = Release|Any CPU
		{E30FF3D9-9C0E-40C9-B524-F3335C2B921D}.Debug|Any CPU.ActiveCfg = Debug|Any CPU
		{E30FF3D9-9C0E-40C9-B524-F3335C2B921D}.Debug|Any CPU.Build.0 = Debug|Any CPU
		{E30FF3D9-9C0E-40C9-B524-F3335C2B921D}.Release|Any CPU.ActiveCfg = Release|Any CPU
		{E30FF3D9-9C0E-40C9-B524-F3335C2B921D}.Release|Any CPU.Build.0 = Release|Any CPU
		{CB157C5B-156C-428E-9CFE-C6D1DD0F34EA}.Debug|Any CPU.ActiveCfg = Debug|Any CPU
		{CB157C5B-156C-428E-9CFE-C6D1DD0F34EA}.Debug|Any CPU.Build.0 = Debug|Any CPU
		{CB157C5B-156C-428E-9CFE-C6D1DD0F34EA}.Release|Any CPU.ActiveCfg = Release|Any CPU
		{CB157C5B-156C-428E-9CFE-C6D1DD0F34EA}.Release|Any CPU.Build.0 = Release|Any CPU
		{E96F8BE9-D006-4F99-914F-5489D9518E3A}.Debug|Any CPU.ActiveCfg = Debug|Any CPU
		{E96F8BE9-D006-4F99-914F-5489D9518E3A}.Debug|Any CPU.Build.0 = Debug|Any CPU
		{E96F8BE9-D006-4F99-914F-5489D9518E3A}.Release|Any CPU.ActiveCfg = Release|Any CPU
		{E96F8BE9-D006-4F99-914F-5489D9518E3A}.Release|Any CPU.Build.0 = Release|Any CPU
		{FAEAB02D-9295-4F71-AD50-171789804A42}.Debug|Any CPU.ActiveCfg = Debug|Any CPU
		{FAEAB02D-9295-4F71-AD50-171789804A42}.Debug|Any CPU.Build.0 = Debug|Any CPU
		{FAEAB02D-9295-4F71-AD50-171789804A42}.Release|Any CPU.ActiveCfg = Release|Any CPU
		{FAEAB02D-9295-4F71-AD50-171789804A42}.Release|Any CPU.Build.0 = Release|Any CPU
		{16992F07-5E50-4718-B932-59582E51C5D0}.Debug|Any CPU.ActiveCfg = Debug|Any CPU
		{16992F07-5E50-4718-B932-59582E51C5D0}.Debug|Any CPU.Build.0 = Debug|Any CPU
		{16992F07-5E50-4718-B932-59582E51C5D0}.Release|Any CPU.ActiveCfg = Release|Any CPU
		{16992F07-5E50-4718-B932-59582E51C5D0}.Release|Any CPU.Build.0 = Release|Any CPU
		{998B5F43-85E4-4C59-B20C-E2569B04D7E5}.Debug|Any CPU.ActiveCfg = Debug|Any CPU
		{998B5F43-85E4-4C59-B20C-E2569B04D7E5}.Debug|Any CPU.Build.0 = Debug|Any CPU
		{998B5F43-85E4-4C59-B20C-E2569B04D7E5}.Release|Any CPU.ActiveCfg = Release|Any CPU
		{998B5F43-85E4-4C59-B20C-E2569B04D7E5}.Release|Any CPU.Build.0 = Release|Any CPU
		{88ADEEC6-B3EA-479A-940A-155101FF3A04}.Debug|Any CPU.ActiveCfg = Debug|Any CPU
		{88ADEEC6-B3EA-479A-940A-155101FF3A04}.Debug|Any CPU.Build.0 = Debug|Any CPU
		{88ADEEC6-B3EA-479A-940A-155101FF3A04}.Release|Any CPU.ActiveCfg = Release|Any CPU
		{88ADEEC6-B3EA-479A-940A-155101FF3A04}.Release|Any CPU.Build.0 = Release|Any CPU
		{7877965C-E8F3-4ED8-92ED-5998D833C8C2}.Debug|Any CPU.ActiveCfg = Debug|Any CPU
		{7877965C-E8F3-4ED8-92ED-5998D833C8C2}.Debug|Any CPU.Build.0 = Debug|Any CPU
		{7877965C-E8F3-4ED8-92ED-5998D833C8C2}.Release|Any CPU.ActiveCfg = Release|Any CPU
		{7877965C-E8F3-4ED8-92ED-5998D833C8C2}.Release|Any CPU.Build.0 = Release|Any CPU
		{93BEF77B-8E47-4DBE-AAE3-52522FC9AAB3}.Debug|Any CPU.ActiveCfg = Debug|Any CPU
		{93BEF77B-8E47-4DBE-AAE3-52522FC9AAB3}.Debug|Any CPU.Build.0 = Debug|Any CPU
		{93BEF77B-8E47-4DBE-AAE3-52522FC9AAB3}.Release|Any CPU.ActiveCfg = Release|Any CPU
		{93BEF77B-8E47-4DBE-AAE3-52522FC9AAB3}.Release|Any CPU.Build.0 = Release|Any CPU
		{167752E4-CCDB-4A45-AC3A-B6CD0A4BDCD7}.Debug|Any CPU.ActiveCfg = Debug|Any CPU
		{167752E4-CCDB-4A45-AC3A-B6CD0A4BDCD7}.Debug|Any CPU.Build.0 = Debug|Any CPU
		{167752E4-CCDB-4A45-AC3A-B6CD0A4BDCD7}.Release|Any CPU.ActiveCfg = Release|Any CPU
		{167752E4-CCDB-4A45-AC3A-B6CD0A4BDCD7}.Release|Any CPU.Build.0 = Release|Any CPU
		{355645E4-F134-4E99-A62C-E084F4460704}.Debug|Any CPU.ActiveCfg = Debug|Any CPU
		{355645E4-F134-4E99-A62C-E084F4460704}.Debug|Any CPU.Build.0 = Debug|Any CPU
		{355645E4-F134-4E99-A62C-E084F4460704}.Release|Any CPU.ActiveCfg = Release|Any CPU
		{355645E4-F134-4E99-A62C-E084F4460704}.Release|Any CPU.Build.0 = Release|Any CPU
		{B3BBD6D0-F630-4295-ACD6-6C12714310DB}.Debug|Any CPU.ActiveCfg = Debug|Any CPU
		{B3BBD6D0-F630-4295-ACD6-6C12714310DB}.Debug|Any CPU.Build.0 = Debug|Any CPU
		{B3BBD6D0-F630-4295-ACD6-6C12714310DB}.Release|Any CPU.ActiveCfg = Release|Any CPU
		{B3BBD6D0-F630-4295-ACD6-6C12714310DB}.Release|Any CPU.Build.0 = Release|Any CPU
		{FC8DF1EE-065E-4DA7-A575-D17275147D6E}.Debug|Any CPU.ActiveCfg = Debug|Any CPU
		{FC8DF1EE-065E-4DA7-A575-D17275147D6E}.Debug|Any CPU.Build.0 = Debug|Any CPU
		{FC8DF1EE-065E-4DA7-A575-D17275147D6E}.Release|Any CPU.ActiveCfg = Release|Any CPU
		{FC8DF1EE-065E-4DA7-A575-D17275147D6E}.Release|Any CPU.Build.0 = Release|Any CPU
		{2D68CF28-3EDD-4DA6-B83A-8608C7E083D9}.Debug|Any CPU.ActiveCfg = Debug|Any CPU
		{2D68CF28-3EDD-4DA6-B83A-8608C7E083D9}.Debug|Any CPU.Build.0 = Debug|Any CPU
		{2D68CF28-3EDD-4DA6-B83A-8608C7E083D9}.Release|Any CPU.ActiveCfg = Release|Any CPU
		{2D68CF28-3EDD-4DA6-B83A-8608C7E083D9}.Release|Any CPU.Build.0 = Release|Any CPU
		{F1DF3E3F-29E0-4558-A6F2-17A8A0FDC4D8}.Debug|Any CPU.ActiveCfg = Debug|Any CPU
		{F1DF3E3F-29E0-4558-A6F2-17A8A0FDC4D8}.Debug|Any CPU.Build.0 = Debug|Any CPU
		{F1DF3E3F-29E0-4558-A6F2-17A8A0FDC4D8}.Release|Any CPU.ActiveCfg = Release|Any CPU
		{F1DF3E3F-29E0-4558-A6F2-17A8A0FDC4D8}.Release|Any CPU.Build.0 = Release|Any CPU
		{6E315FB7-C717-43E0-88E7-CBC6BDCD2E62}.Debug|Any CPU.ActiveCfg = Debug|Any CPU
		{6E315FB7-C717-43E0-88E7-CBC6BDCD2E62}.Debug|Any CPU.Build.0 = Debug|Any CPU
		{6E315FB7-C717-43E0-88E7-CBC6BDCD2E62}.Release|Any CPU.ActiveCfg = Release|Any CPU
		{6E315FB7-C717-43E0-88E7-CBC6BDCD2E62}.Release|Any CPU.Build.0 = Release|Any CPU
		{81639283-3894-4310-9059-9F41DECA9996}.Debug|Any CPU.ActiveCfg = Debug|Any CPU
		{81639283-3894-4310-9059-9F41DECA9996}.Debug|Any CPU.Build.0 = Debug|Any CPU
		{81639283-3894-4310-9059-9F41DECA9996}.Release|Any CPU.ActiveCfg = Release|Any CPU
		{81639283-3894-4310-9059-9F41DECA9996}.Release|Any CPU.Build.0 = Release|Any CPU
		{1794B973-B5CA-457E-AAB2-3205CDB24654}.Debug|Any CPU.ActiveCfg = Debug|Any CPU
		{1794B973-B5CA-457E-AAB2-3205CDB24654}.Debug|Any CPU.Build.0 = Debug|Any CPU
		{1794B973-B5CA-457E-AAB2-3205CDB24654}.Release|Any CPU.ActiveCfg = Release|Any CPU
		{1794B973-B5CA-457E-AAB2-3205CDB24654}.Release|Any CPU.Build.0 = Release|Any CPU
		{9261F1B5-C13F-4CA5-9214-0A02E5B57BA8}.Debug|Any CPU.ActiveCfg = Debug|Any CPU
		{9261F1B5-C13F-4CA5-9214-0A02E5B57BA8}.Debug|Any CPU.Build.0 = Debug|Any CPU
		{9261F1B5-C13F-4CA5-9214-0A02E5B57BA8}.Release|Any CPU.ActiveCfg = Release|Any CPU
		{9261F1B5-C13F-4CA5-9214-0A02E5B57BA8}.Release|Any CPU.Build.0 = Release|Any CPU
		{D60CFD3A-A1ED-491F-8DFF-0515BF152C7D}.Debug|Any CPU.ActiveCfg = Debug|Any CPU
		{D60CFD3A-A1ED-491F-8DFF-0515BF152C7D}.Debug|Any CPU.Build.0 = Debug|Any CPU
		{D60CFD3A-A1ED-491F-8DFF-0515BF152C7D}.Release|Any CPU.ActiveCfg = Release|Any CPU
		{D60CFD3A-A1ED-491F-8DFF-0515BF152C7D}.Release|Any CPU.Build.0 = Release|Any CPU
		{3D5963D3-C9AE-4502-8628-A38483A7B1EC}.Debug|Any CPU.ActiveCfg = Debug|Any CPU
		{3D5963D3-C9AE-4502-8628-A38483A7B1EC}.Debug|Any CPU.Build.0 = Debug|Any CPU
		{3D5963D3-C9AE-4502-8628-A38483A7B1EC}.Release|Any CPU.ActiveCfg = Release|Any CPU
		{3D5963D3-C9AE-4502-8628-A38483A7B1EC}.Release|Any CPU.Build.0 = Release|Any CPU
		{A7C549D5-827B-46CD-80B5-DAFFBF22631B}.Debug|Any CPU.ActiveCfg = Debug|Any CPU
		{A7C549D5-827B-46CD-80B5-DAFFBF22631B}.Debug|Any CPU.Build.0 = Debug|Any CPU
		{A7C549D5-827B-46CD-80B5-DAFFBF22631B}.Release|Any CPU.ActiveCfg = Release|Any CPU
		{A7C549D5-827B-46CD-80B5-DAFFBF22631B}.Release|Any CPU.Build.0 = Release|Any CPU
		{237ABA96-2ECF-42F6-B6E8-C89A0ADED13C}.Debug|Any CPU.ActiveCfg = Debug|Any CPU
		{237ABA96-2ECF-42F6-B6E8-C89A0ADED13C}.Debug|Any CPU.Build.0 = Debug|Any CPU
		{237ABA96-2ECF-42F6-B6E8-C89A0ADED13C}.Release|Any CPU.ActiveCfg = Release|Any CPU
		{237ABA96-2ECF-42F6-B6E8-C89A0ADED13C}.Release|Any CPU.Build.0 = Release|Any CPU
		{CEB9918E-61EF-47E1-8E70-1AB16DC46F67}.Debug|Any CPU.ActiveCfg = Debug|Any CPU
		{CEB9918E-61EF-47E1-8E70-1AB16DC46F67}.Debug|Any CPU.Build.0 = Debug|Any CPU
		{CEB9918E-61EF-47E1-8E70-1AB16DC46F67}.Release|Any CPU.ActiveCfg = Release|Any CPU
		{CEB9918E-61EF-47E1-8E70-1AB16DC46F67}.Release|Any CPU.Build.0 = Release|Any CPU
		{EDC9F2C0-3D19-41A9-A809-E24ECEDE6F46}.Debug|Any CPU.ActiveCfg = Debug|Any CPU
		{EDC9F2C0-3D19-41A9-A809-E24ECEDE6F46}.Debug|Any CPU.Build.0 = Debug|Any CPU
		{EDC9F2C0-3D19-41A9-A809-E24ECEDE6F46}.Release|Any CPU.ActiveCfg = Release|Any CPU
		{EDC9F2C0-3D19-41A9-A809-E24ECEDE6F46}.Release|Any CPU.Build.0 = Release|Any CPU
		{2A84A754-35D4-4026-97DE-124444DFE74D}.Debug|Any CPU.ActiveCfg = Debug|Any CPU
		{2A84A754-35D4-4026-97DE-124444DFE74D}.Debug|Any CPU.Build.0 = Debug|Any CPU
		{2A84A754-35D4-4026-97DE-124444DFE74D}.Release|Any CPU.ActiveCfg = Release|Any CPU
		{2A84A754-35D4-4026-97DE-124444DFE74D}.Release|Any CPU.Build.0 = Release|Any CPU
		{DA8D8B68-9EFE-4212-92F5-6C52813E9704}.Debug|Any CPU.ActiveCfg = Debug|Any CPU
		{DA8D8B68-9EFE-4212-92F5-6C52813E9704}.Debug|Any CPU.Build.0 = Debug|Any CPU
		{DA8D8B68-9EFE-4212-92F5-6C52813E9704}.Release|Any CPU.ActiveCfg = Release|Any CPU
		{DA8D8B68-9EFE-4212-92F5-6C52813E9704}.Release|Any CPU.Build.0 = Release|Any CPU
		{FCDCA323-8A86-404E-BF5F-83E724E6BD9F}.Debug|Any CPU.ActiveCfg = Debug|Any CPU
		{FCDCA323-8A86-404E-BF5F-83E724E6BD9F}.Debug|Any CPU.Build.0 = Debug|Any CPU
		{FCDCA323-8A86-404E-BF5F-83E724E6BD9F}.Release|Any CPU.ActiveCfg = Release|Any CPU
		{FCDCA323-8A86-404E-BF5F-83E724E6BD9F}.Release|Any CPU.Build.0 = Release|Any CPU
		{940298BA-43D4-4300-92D5-DB0D2264ADAF}.Debug|Any CPU.ActiveCfg = Debug|Any CPU
		{940298BA-43D4-4300-92D5-DB0D2264ADAF}.Debug|Any CPU.Build.0 = Debug|Any CPU
		{940298BA-43D4-4300-92D5-DB0D2264ADAF}.Release|Any CPU.ActiveCfg = Release|Any CPU
		{940298BA-43D4-4300-92D5-DB0D2264ADAF}.Release|Any CPU.Build.0 = Release|Any CPU
		{BB44A1B9-6ACE-443E-AC7D-C215D26A33DE}.Debug|Any CPU.ActiveCfg = Debug|Any CPU
		{BB44A1B9-6ACE-443E-AC7D-C215D26A33DE}.Debug|Any CPU.Build.0 = Debug|Any CPU
		{BB44A1B9-6ACE-443E-AC7D-C215D26A33DE}.Release|Any CPU.ActiveCfg = Release|Any CPU
		{BB44A1B9-6ACE-443E-AC7D-C215D26A33DE}.Release|Any CPU.Build.0 = Release|Any CPU
		{1977E2EE-B19C-41B8-8DF4-CB74E7D5711F}.Debug|Any CPU.ActiveCfg = Debug|Any CPU
		{1977E2EE-B19C-41B8-8DF4-CB74E7D5711F}.Debug|Any CPU.Build.0 = Debug|Any CPU
		{1977E2EE-B19C-41B8-8DF4-CB74E7D5711F}.Release|Any CPU.ActiveCfg = Release|Any CPU
		{1977E2EE-B19C-41B8-8DF4-CB74E7D5711F}.Release|Any CPU.Build.0 = Release|Any CPU
		{9A4E0471-28A7-4782-B5E2-2E41AAD55664}.Debug|Any CPU.ActiveCfg = Debug|Any CPU
		{9A4E0471-28A7-4782-B5E2-2E41AAD55664}.Debug|Any CPU.Build.0 = Debug|Any CPU
		{9A4E0471-28A7-4782-B5E2-2E41AAD55664}.Release|Any CPU.ActiveCfg = Release|Any CPU
		{9A4E0471-28A7-4782-B5E2-2E41AAD55664}.Release|Any CPU.Build.0 = Release|Any CPU
		{68083889-6A2F-458E-B90C-2006E4A275EE}.Debug|Any CPU.ActiveCfg = Debug|Any CPU
		{68083889-6A2F-458E-B90C-2006E4A275EE}.Debug|Any CPU.Build.0 = Debug|Any CPU
		{68083889-6A2F-458E-B90C-2006E4A275EE}.Release|Any CPU.ActiveCfg = Release|Any CPU
		{68083889-6A2F-458E-B90C-2006E4A275EE}.Release|Any CPU.Build.0 = Release|Any CPU
		{8D2904E9-1C19-43AD-B19A-49298DBE1C48}.Debug|Any CPU.ActiveCfg = Debug|Any CPU
		{8D2904E9-1C19-43AD-B19A-49298DBE1C48}.Debug|Any CPU.Build.0 = Debug|Any CPU
		{8D2904E9-1C19-43AD-B19A-49298DBE1C48}.Release|Any CPU.ActiveCfg = Release|Any CPU
		{8D2904E9-1C19-43AD-B19A-49298DBE1C48}.Release|Any CPU.Build.0 = Release|Any CPU
		{6A684BD0-EF2F-4E34-AD46-AF82CD056490}.Debug|Any CPU.ActiveCfg = Debug|Any CPU
		{6A684BD0-EF2F-4E34-AD46-AF82CD056490}.Debug|Any CPU.Build.0 = Debug|Any CPU
		{6A684BD0-EF2F-4E34-AD46-AF82CD056490}.Release|Any CPU.ActiveCfg = Release|Any CPU
		{6A684BD0-EF2F-4E34-AD46-AF82CD056490}.Release|Any CPU.Build.0 = Release|Any CPU
		{18080F6A-6431-44B0-850A-2129BB089422}.Debug|Any CPU.ActiveCfg = Debug|Any CPU
		{18080F6A-6431-44B0-850A-2129BB089422}.Debug|Any CPU.Build.0 = Debug|Any CPU
		{18080F6A-6431-44B0-850A-2129BB089422}.Release|Any CPU.ActiveCfg = Release|Any CPU
		{18080F6A-6431-44B0-850A-2129BB089422}.Release|Any CPU.Build.0 = Release|Any CPU
		{A2DDE273-CBA8-4AE3-B69B-46E7433D4FEF}.Debug|Any CPU.ActiveCfg = Debug|Any CPU
		{A2DDE273-CBA8-4AE3-B69B-46E7433D4FEF}.Debug|Any CPU.Build.0 = Debug|Any CPU
		{A2DDE273-CBA8-4AE3-B69B-46E7433D4FEF}.Release|Any CPU.ActiveCfg = Release|Any CPU
		{A2DDE273-CBA8-4AE3-B69B-46E7433D4FEF}.Release|Any CPU.Build.0 = Release|Any CPU
		{67F8F856-096E-40F5-9AC3-DE58C033C3EE}.Debug|Any CPU.ActiveCfg = Debug|Any CPU
		{67F8F856-096E-40F5-9AC3-DE58C033C3EE}.Debug|Any CPU.Build.0 = Debug|Any CPU
		{67F8F856-096E-40F5-9AC3-DE58C033C3EE}.Release|Any CPU.ActiveCfg = Release|Any CPU
		{67F8F856-096E-40F5-9AC3-DE58C033C3EE}.Release|Any CPU.Build.0 = Release|Any CPU
		{C10D6C18-4485-4396-AB66-E93F253888A1}.Debug|Any CPU.ActiveCfg = Debug|Any CPU
		{C10D6C18-4485-4396-AB66-E93F253888A1}.Debug|Any CPU.Build.0 = Debug|Any CPU
		{C10D6C18-4485-4396-AB66-E93F253888A1}.Release|Any CPU.ActiveCfg = Release|Any CPU
		{C10D6C18-4485-4396-AB66-E93F253888A1}.Release|Any CPU.Build.0 = Release|Any CPU
		{8FD9DAEF-EC87-4CA5-8D94-0392A4E38540}.Debug|Any CPU.ActiveCfg = Debug|Any CPU
		{8FD9DAEF-EC87-4CA5-8D94-0392A4E38540}.Debug|Any CPU.Build.0 = Debug|Any CPU
		{8FD9DAEF-EC87-4CA5-8D94-0392A4E38540}.Release|Any CPU.ActiveCfg = Release|Any CPU
		{8FD9DAEF-EC87-4CA5-8D94-0392A4E38540}.Release|Any CPU.Build.0 = Release|Any CPU
		{2B6195CF-7592-4F6D-8038-6613C55AFB4C}.Debug|Any CPU.ActiveCfg = Debug|Any CPU
		{2B6195CF-7592-4F6D-8038-6613C55AFB4C}.Debug|Any CPU.Build.0 = Debug|Any CPU
		{2B6195CF-7592-4F6D-8038-6613C55AFB4C}.Release|Any CPU.ActiveCfg = Release|Any CPU
		{2B6195CF-7592-4F6D-8038-6613C55AFB4C}.Release|Any CPU.Build.0 = Release|Any CPU
		{A08A0E42-CDFA-4CA2-A8A8-23C8481EC6A1}.Debug|Any CPU.ActiveCfg = Debug|Any CPU
		{A08A0E42-CDFA-4CA2-A8A8-23C8481EC6A1}.Debug|Any CPU.Build.0 = Debug|Any CPU
		{A08A0E42-CDFA-4CA2-A8A8-23C8481EC6A1}.Release|Any CPU.ActiveCfg = Release|Any CPU
		{A08A0E42-CDFA-4CA2-A8A8-23C8481EC6A1}.Release|Any CPU.Build.0 = Release|Any CPU
	EndGlobalSection
	GlobalSection(SolutionProperties) = preSolution
		HideSolutionNode = FALSE
	EndGlobalSection
	GlobalSection(ExtensibilityGlobals) = postSolution
		SolutionGuid = {5DA1EAA6-C237-48F5-8251-839B3FC4A280}
	EndGlobalSection
EndGlobal
