
Microsoft Visual Studio Solution File, Format Version 12.00
# Visual Studio Version 17
VisualStudioVersion = 17.11.35222.181
MinimumVisualStudioVersion = 10.0.40219.1
Project("{9A19103F-16F7-4668-BE54-9A1E7A4F7556}") = "CS_NOV_21_A", "CS_NOV_21_A\CS_NOV_21_A.csproj", "{CB57922A-69AE-4D51-8CF8-525FEDD0DCBF}"
EndProject
Project("{9A19103F-16F7-4668-BE54-9A1E7A4F7556}") = "CS_NOV_21_B", "CS_NOV_21_B\CS_NOV_21_B.csproj", "{2C291C65-2ED0-4DE7-A44B-CF7C8A3BF0DD}"
EndProject
Project("{9A19103F-16F7-4668-BE54-9A1E7A4F7556}") = "CS_NOV_21_C", "CS_NOV_21_C\CS_NOV_21_C.csproj", "{89CC52F8-D994-435A-A8E4-9D4D59A9786E}"
EndProject
Project("{9A19103F-16F7-4668-BE54-9A1E7A4F7556}") = "CS_NOV_21_D", "CS_NOV_21_D\CS_NOV_21_D.csproj", "{654A15E6-95A3-4DE1-83CA-2C9F0D2F43CB}"
EndProject
Project("{9A19103F-16F7-4668-BE54-9A1E7A4F7556}") = "CS_SCHOOL_24_B", "CS_SCHOOL_24_A\CS_SCHOOL_24_B.csproj", "{9B759A85-5DFC-42E9-AAE4-A5C1ED7A53E0}"
EndProject
Project("{9A19103F-16F7-4668-BE54-9A1E7A4F7556}") = "CD_1", "CD_1\CD_1.csproj", "{01D73D8C-6E97-4EC9-8E9A-5DAC842C5918}"
EndProject
Project("{9A19103F-16F7-4668-BE54-9A1E7A4F7556}") = "CF_2", "CF_2\CF_2.csproj", "{903A2DA2-9565-41E7-8806-EDA4DAD33C83}"
EndProject
Project("{9A19103F-16F7-4668-BE54-9A1E7A4F7556}") = "CF_3", "CF_3\CF_3.csproj", "{8870D56E-7B7B-40EF-AC39-E90E2FE43B04}"
EndProject
Project("{FAE04EC0-301F-11D3-BF4B-00C04F79EFBC}") = "CF_4", "CF_4\CF_4.csproj", "{BDDA195F-DBB4-4578-ADC3-27B75C02CB8A}"
EndProject
Project("{FAE04EC0-301F-11D3-BF4B-00C04F79EFBC}") = "CF_5", "CF_5\CF_5.csproj", "{EC1D3E27-256D-46D2-8F2C-884E4E2272D2}"
EndProject
Project("{FAE04EC0-301F-11D3-BF4B-00C04F79EFBC}") = "ITMO_1", "ITMO_1\ITMO_1.csproj", "{2045E0AC-57AD-429D-98B1-1EAABAE2AF8D}"
EndProject
Project("{FAE04EC0-301F-11D3-BF4B-00C04F79EFBC}") = "ITMo_2", "ITMo_2\ITMo_2.csproj", "{6640CC98-7C5A-4401-AD34-4B1BBA1445F5}"
EndProject
Project("{FAE04EC0-301F-11D3-BF4B-00C04F79EFBC}") = "ITMO_3", "ITMO_3\ITMO_3.csproj", "{2C2EBF16-BA63-457A-A3B1-EFCA2E7C6FC7}"
EndProject
Project("{FAE04EC0-301F-11D3-BF4B-00C04F79EFBC}") = "ITMO_4", "ITMO_4\ITMO_4.csproj", "{AF5AD5E9-0E7A-4545-A793-1D3B4BE08437}"
EndProject
Project("{FAE04EC0-301F-11D3-BF4B-00C04F79EFBC}") = "ITMO_5", "ITMO_5\ITMO_5.csproj", "{644FECCB-DECA-4717-A54B-B140E5407B8B}"
EndProject
Project("{FAE04EC0-301F-11D3-BF4B-00C04F79EFBC}") = "ITMO_6", "ITMO_6\ITMO_6.csproj", "{0C09DBAA-B781-4FC4-82EF-21683BCD68FB}"
EndProject
Project("{FAE04EC0-301F-11D3-BF4B-00C04F79EFBC}") = "ITMO_7", "ITMO_7\ITMO_7.csproj", "{94883D31-2C71-4085-B2FC-34AC7EDAFA40}"
EndProject
Project("{FAE04EC0-301F-11D3-BF4B-00C04F79EFBC}") = "ITMO_9", "ITMO_9\ITMO_9.csproj", "{2F350B85-8B5B-48DA-B2F5-319D3FE4F3FF}"
EndProject
Project("{FAE04EC0-301F-11D3-BF4B-00C04F79EFBC}") = "ITMO_8", "ITMO_8\ITMO_8.csproj", "{44DF65AE-5235-448C-9187-791FA1ADC132}"
EndProject
Project("{FAE04EC0-301F-11D3-BF4B-00C04F79EFBC}") = "ITMO_10", "ITMO_10\ITMO_10.csproj", "{8E1287B2-1155-482B-A361-B6DA4BE642A3}"
EndProject
Project("{FAE04EC0-301F-11D3-BF4B-00C04F79EFBC}") = "ITMO_11", "ITMO_11\ITMO_11.csproj", "{194529EC-70CA-44D2-A769-F2F9006A6AE1}"
EndProject
Project("{FAE04EC0-301F-11D3-BF4B-00C04F79EFBC}") = "ITMO_12", "ITMO_12\ITMO_12.csproj", "{3A6D38BA-17D6-491B-B76B-595855D6D51E}"
EndProject
Project("{FAE04EC0-301F-11D3-BF4B-00C04F79EFBC}") = "ITMO_13", "ITMO_13\ITMO_13.csproj", "{F65AAABA-EBA0-45E6-8A48-59D44DC05EDD}"
EndProject
Project("{FAE04EC0-301F-11D3-BF4B-00C04F79EFBC}") = "ITMO_14", "ITMO_14\ITMO_14.csproj", "{9E958683-6C37-43C1-8499-84F84BC3B65A}"
EndProject
Global
	GlobalSection(SolutionConfigurationPlatforms) = preSolution
		Debug|Any CPU = Debug|Any CPU
		Release|Any CPU = Release|Any CPU
	EndGlobalSection
	GlobalSection(ProjectConfigurationPlatforms) = postSolution
		{CB57922A-69AE-4D51-8CF8-525FEDD0DCBF}.Debug|Any CPU.ActiveCfg = Debug|Any CPU
		{CB57922A-69AE-4D51-8CF8-525FEDD0DCBF}.Debug|Any CPU.Build.0 = Debug|Any CPU
		{CB57922A-69AE-4D51-8CF8-525FEDD0DCBF}.Release|Any CPU.ActiveCfg = Release|Any CPU
		{CB57922A-69AE-4D51-8CF8-525FEDD0DCBF}.Release|Any CPU.Build.0 = Release|Any CPU
		{2C291C65-2ED0-4DE7-A44B-CF7C8A3BF0DD}.Debug|Any CPU.ActiveCfg = Debug|Any CPU
		{2C291C65-2ED0-4DE7-A44B-CF7C8A3BF0DD}.Debug|Any CPU.Build.0 = Debug|Any CPU
		{2C291C65-2ED0-4DE7-A44B-CF7C8A3BF0DD}.Release|Any CPU.ActiveCfg = Release|Any CPU
		{2C291C65-2ED0-4DE7-A44B-CF7C8A3BF0DD}.Release|Any CPU.Build.0 = Release|Any CPU
		{89CC52F8-D994-435A-A8E4-9D4D59A9786E}.Debug|Any CPU.ActiveCfg = Debug|Any CPU
		{89CC52F8-D994-435A-A8E4-9D4D59A9786E}.Debug|Any CPU.Build.0 = Debug|Any CPU
		{89CC52F8-D994-435A-A8E4-9D4D59A9786E}.Release|Any CPU.ActiveCfg = Release|Any CPU
		{89CC52F8-D994-435A-A8E4-9D4D59A9786E}.Release|Any CPU.Build.0 = Release|Any CPU
		{654A15E6-95A3-4DE1-83CA-2C9F0D2F43CB}.Debug|Any CPU.ActiveCfg = Debug|Any CPU
		{654A15E6-95A3-4DE1-83CA-2C9F0D2F43CB}.Debug|Any CPU.Build.0 = Debug|Any CPU
		{654A15E6-95A3-4DE1-83CA-2C9F0D2F43CB}.Release|Any CPU.ActiveCfg = Release|Any CPU
		{654A15E6-95A3-4DE1-83CA-2C9F0D2F43CB}.Release|Any CPU.Build.0 = Release|Any CPU
		{9B759A85-5DFC-42E9-AAE4-A5C1ED7A53E0}.Debug|Any CPU.ActiveCfg = Debug|Any CPU
		{9B759A85-5DFC-42E9-AAE4-A5C1ED7A53E0}.Debug|Any CPU.Build.0 = Debug|Any CPU
		{9B759A85-5DFC-42E9-AAE4-A5C1ED7A53E0}.Release|Any CPU.ActiveCfg = Release|Any CPU
		{9B759A85-5DFC-42E9-AAE4-A5C1ED7A53E0}.Release|Any CPU.Build.0 = Release|Any CPU
		{01D73D8C-6E97-4EC9-8E9A-5DAC842C5918}.Debug|Any CPU.ActiveCfg = Debug|Any CPU
		{01D73D8C-6E97-4EC9-8E9A-5DAC842C5918}.Debug|Any CPU.Build.0 = Debug|Any CPU
		{01D73D8C-6E97-4EC9-8E9A-5DAC842C5918}.Release|Any CPU.ActiveCfg = Release|Any CPU
		{01D73D8C-6E97-4EC9-8E9A-5DAC842C5918}.Release|Any CPU.Build.0 = Release|Any CPU
		{903A2DA2-9565-41E7-8806-EDA4DAD33C83}.Debug|Any CPU.ActiveCfg = Debug|Any CPU
		{903A2DA2-9565-41E7-8806-EDA4DAD33C83}.Debug|Any CPU.Build.0 = Debug|Any CPU
		{903A2DA2-9565-41E7-8806-EDA4DAD33C83}.Release|Any CPU.ActiveCfg = Release|Any CPU
		{903A2DA2-9565-41E7-8806-EDA4DAD33C83}.Release|Any CPU.Build.0 = Release|Any CPU
		{8870D56E-7B7B-40EF-AC39-E90E2FE43B04}.Debug|Any CPU.ActiveCfg = Debug|Any CPU
		{8870D56E-7B7B-40EF-AC39-E90E2FE43B04}.Debug|Any CPU.Build.0 = Debug|Any CPU
		{8870D56E-7B7B-40EF-AC39-E90E2FE43B04}.Release|Any CPU.ActiveCfg = Release|Any CPU
		{8870D56E-7B7B-40EF-AC39-E90E2FE43B04}.Release|Any CPU.Build.0 = Release|Any CPU
		{BDDA195F-DBB4-4578-ADC3-27B75C02CB8A}.Debug|Any CPU.ActiveCfg = Debug|Any CPU
		{BDDA195F-DBB4-4578-ADC3-27B75C02CB8A}.Debug|Any CPU.Build.0 = Debug|Any CPU
		{BDDA195F-DBB4-4578-ADC3-27B75C02CB8A}.Release|Any CPU.ActiveCfg = Release|Any CPU
		{BDDA195F-DBB4-4578-ADC3-27B75C02CB8A}.Release|Any CPU.Build.0 = Release|Any CPU
		{EC1D3E27-256D-46D2-8F2C-884E4E2272D2}.Debug|Any CPU.ActiveCfg = Debug|Any CPU
		{EC1D3E27-256D-46D2-8F2C-884E4E2272D2}.Debug|Any CPU.Build.0 = Debug|Any CPU
		{EC1D3E27-256D-46D2-8F2C-884E4E2272D2}.Release|Any CPU.ActiveCfg = Release|Any CPU
		{EC1D3E27-256D-46D2-8F2C-884E4E2272D2}.Release|Any CPU.Build.0 = Release|Any CPU
		{2045E0AC-57AD-429D-98B1-1EAABAE2AF8D}.Debug|Any CPU.ActiveCfg = Debug|Any CPU
		{2045E0AC-57AD-429D-98B1-1EAABAE2AF8D}.Debug|Any CPU.Build.0 = Debug|Any CPU
		{2045E0AC-57AD-429D-98B1-1EAABAE2AF8D}.Release|Any CPU.ActiveCfg = Release|Any CPU
		{2045E0AC-57AD-429D-98B1-1EAABAE2AF8D}.Release|Any CPU.Build.0 = Release|Any CPU
		{6640CC98-7C5A-4401-AD34-4B1BBA1445F5}.Debug|Any CPU.ActiveCfg = Debug|Any CPU
		{6640CC98-7C5A-4401-AD34-4B1BBA1445F5}.Debug|Any CPU.Build.0 = Debug|Any CPU
		{6640CC98-7C5A-4401-AD34-4B1BBA1445F5}.Release|Any CPU.ActiveCfg = Release|Any CPU
		{6640CC98-7C5A-4401-AD34-4B1BBA1445F5}.Release|Any CPU.Build.0 = Release|Any CPU
		{2C2EBF16-BA63-457A-A3B1-EFCA2E7C6FC7}.Debug|Any CPU.ActiveCfg = Debug|Any CPU
		{2C2EBF16-BA63-457A-A3B1-EFCA2E7C6FC7}.Debug|Any CPU.Build.0 = Debug|Any CPU
		{2C2EBF16-BA63-457A-A3B1-EFCA2E7C6FC7}.Release|Any CPU.ActiveCfg = Release|Any CPU
		{2C2EBF16-BA63-457A-A3B1-EFCA2E7C6FC7}.Release|Any CPU.Build.0 = Release|Any CPU
		{AF5AD5E9-0E7A-4545-A793-1D3B4BE08437}.Debug|Any CPU.ActiveCfg = Debug|Any CPU
		{AF5AD5E9-0E7A-4545-A793-1D3B4BE08437}.Debug|Any CPU.Build.0 = Debug|Any CPU
		{AF5AD5E9-0E7A-4545-A793-1D3B4BE08437}.Release|Any CPU.ActiveCfg = Release|Any CPU
		{AF5AD5E9-0E7A-4545-A793-1D3B4BE08437}.Release|Any CPU.Build.0 = Release|Any CPU
		{644FECCB-DECA-4717-A54B-B140E5407B8B}.Debug|Any CPU.ActiveCfg = Debug|Any CPU
		{644FECCB-DECA-4717-A54B-B140E5407B8B}.Debug|Any CPU.Build.0 = Debug|Any CPU
		{644FECCB-DECA-4717-A54B-B140E5407B8B}.Release|Any CPU.ActiveCfg = Release|Any CPU
		{644FECCB-DECA-4717-A54B-B140E5407B8B}.Release|Any CPU.Build.0 = Release|Any CPU
		{0C09DBAA-B781-4FC4-82EF-21683BCD68FB}.Debug|Any CPU.ActiveCfg = Debug|Any CPU
		{0C09DBAA-B781-4FC4-82EF-21683BCD68FB}.Debug|Any CPU.Build.0 = Debug|Any CPU
		{0C09DBAA-B781-4FC4-82EF-21683BCD68FB}.Release|Any CPU.ActiveCfg = Release|Any CPU
		{0C09DBAA-B781-4FC4-82EF-21683BCD68FB}.Release|Any CPU.Build.0 = Release|Any CPU
		{94883D31-2C71-4085-B2FC-34AC7EDAFA40}.Debug|Any CPU.ActiveCfg = Debug|Any CPU
		{94883D31-2C71-4085-B2FC-34AC7EDAFA40}.Debug|Any CPU.Build.0 = Debug|Any CPU
		{94883D31-2C71-4085-B2FC-34AC7EDAFA40}.Release|Any CPU.ActiveCfg = Release|Any CPU
		{94883D31-2C71-4085-B2FC-34AC7EDAFA40}.Release|Any CPU.Build.0 = Release|Any CPU
		{2F350B85-8B5B-48DA-B2F5-319D3FE4F3FF}.Debug|Any CPU.ActiveCfg = Debug|Any CPU
		{2F350B85-8B5B-48DA-B2F5-319D3FE4F3FF}.Debug|Any CPU.Build.0 = Debug|Any CPU
		{2F350B85-8B5B-48DA-B2F5-319D3FE4F3FF}.Release|Any CPU.ActiveCfg = Release|Any CPU
		{2F350B85-8B5B-48DA-B2F5-319D3FE4F3FF}.Release|Any CPU.Build.0 = Release|Any CPU
		{44DF65AE-5235-448C-9187-791FA1ADC132}.Debug|Any CPU.ActiveCfg = Debug|Any CPU
		{44DF65AE-5235-448C-9187-791FA1ADC132}.Debug|Any CPU.Build.0 = Debug|Any CPU
		{44DF65AE-5235-448C-9187-791FA1ADC132}.Release|Any CPU.ActiveCfg = Release|Any CPU
		{44DF65AE-5235-448C-9187-791FA1ADC132}.Release|Any CPU.Build.0 = Release|Any CPU
		{8E1287B2-1155-482B-A361-B6DA4BE642A3}.Debug|Any CPU.ActiveCfg = Debug|Any CPU
		{8E1287B2-1155-482B-A361-B6DA4BE642A3}.Debug|Any CPU.Build.0 = Debug|Any CPU
		{8E1287B2-1155-482B-A361-B6DA4BE642A3}.Release|Any CPU.ActiveCfg = Release|Any CPU
		{8E1287B2-1155-482B-A361-B6DA4BE642A3}.Release|Any CPU.Build.0 = Release|Any CPU
		{194529EC-70CA-44D2-A769-F2F9006A6AE1}.Debug|Any CPU.ActiveCfg = Debug|Any CPU
		{194529EC-70CA-44D2-A769-F2F9006A6AE1}.Debug|Any CPU.Build.0 = Debug|Any CPU
		{194529EC-70CA-44D2-A769-F2F9006A6AE1}.Release|Any CPU.ActiveCfg = Release|Any CPU
		{194529EC-70CA-44D2-A769-F2F9006A6AE1}.Release|Any CPU.Build.0 = Release|Any CPU
		{3A6D38BA-17D6-491B-B76B-595855D6D51E}.Debug|Any CPU.ActiveCfg = Debug|Any CPU
		{3A6D38BA-17D6-491B-B76B-595855D6D51E}.Debug|Any CPU.Build.0 = Debug|Any CPU
		{3A6D38BA-17D6-491B-B76B-595855D6D51E}.Release|Any CPU.ActiveCfg = Release|Any CPU
		{3A6D38BA-17D6-491B-B76B-595855D6D51E}.Release|Any CPU.Build.0 = Release|Any CPU
		{F65AAABA-EBA0-45E6-8A48-59D44DC05EDD}.Debug|Any CPU.ActiveCfg = Debug|Any CPU
		{F65AAABA-EBA0-45E6-8A48-59D44DC05EDD}.Debug|Any CPU.Build.0 = Debug|Any CPU
		{F65AAABA-EBA0-45E6-8A48-59D44DC05EDD}.Release|Any CPU.ActiveCfg = Release|Any CPU
		{F65AAABA-EBA0-45E6-8A48-59D44DC05EDD}.Release|Any CPU.Build.0 = Release|Any CPU
		{9E958683-6C37-43C1-8499-84F84BC3B65A}.Debug|Any CPU.ActiveCfg = Debug|Any CPU
		{9E958683-6C37-43C1-8499-84F84BC3B65A}.Debug|Any CPU.Build.0 = Debug|Any CPU
		{9E958683-6C37-43C1-8499-84F84BC3B65A}.Release|Any CPU.ActiveCfg = Release|Any CPU
		{9E958683-6C37-43C1-8499-84F84BC3B65A}.Release|Any CPU.Build.0 = Release|Any CPU
	EndGlobalSection
	GlobalSection(SolutionProperties) = preSolution
		HideSolutionNode = FALSE
	EndGlobalSection
	GlobalSection(ExtensibilityGlobals) = postSolution
		SolutionGuid = {5DA1EAA6-C237-48F5-8251-839B3FC4A280}
	EndGlobalSection
EndGlobal
